// !$*UTF8*$!
{
	archiveVersion = 1;
	classes = {
	};
	objectVersion = 46;
	objects = {

/* Begin PBXBuildFile section */
		EA01CB6E1FEE98E900FCFB49 /* CamXuc2ViewController.swift in Sources */ = {isa = PBXBuildFile; fileRef = EA01CB6C1FEE98E900FCFB49 /* CamXuc2ViewController.swift */; };
		EA01CB6F1FEE98E900FCFB49 /* CamXuc2ViewController.xib in Resources */ = {isa = PBXBuildFile; fileRef = EA01CB6D1FEE98E900FCFB49 /* CamXuc2ViewController.xib */; };
		EA01CB721FEE9C9300FCFB49 /* DoanCamXuc1ViewController.swift in Sources */ = {isa = PBXBuildFile; fileRef = EA01CB701FEE9C9300FCFB49 /* DoanCamXuc1ViewController.swift */; };
		EA01CB731FEE9C9300FCFB49 /* DoanCamXuc1ViewController.xib in Resources */ = {isa = PBXBuildFile; fileRef = EA01CB711FEE9C9300FCFB49 /* DoanCamXuc1ViewController.xib */; };
		EA01CB751FEEA2C800FCFB49 /* MsDungViewController.swift in Sources */ = {isa = PBXBuildFile; fileRef = EA01CB741FEEA2C800FCFB49 /* MsDungViewController.swift */; };
		EA01CB781FEEAAA900FCFB49 /* DoanCamXuc21ViewController.swift in Sources */ = {isa = PBXBuildFile; fileRef = EA01CB761FEEAAA900FCFB49 /* DoanCamXuc21ViewController.swift */; };
		EA01CB791FEEAAA900FCFB49 /* DoanCamXuc21ViewController.xib in Resources */ = {isa = PBXBuildFile; fileRef = EA01CB771FEEAAA900FCFB49 /* DoanCamXuc21ViewController.xib */; };
		EA01CB7C1FEEADB600FCFB49 /* DoanCamXuc22ViewController.swift in Sources */ = {isa = PBXBuildFile; fileRef = EA01CB7A1FEEADB600FCFB49 /* DoanCamXuc22ViewController.swift */; };
		EA01CB7D1FEEADB600FCFB49 /* DoanCamXuc22ViewController.xib in Resources */ = {isa = PBXBuildFile; fileRef = EA01CB7B1FEEADB600FCFB49 /* DoanCamXuc22ViewController.xib */; };
		EA01CB801FEEB26A00FCFB49 /* DongCam1ViewController.swift in Sources */ = {isa = PBXBuildFile; fileRef = EA01CB7E1FEEB26A00FCFB49 /* DongCam1ViewController.swift */; };
		EA01CB811FEEB26A00FCFB49 /* DongCam1ViewController.xib in Resources */ = {isa = PBXBuildFile; fileRef = EA01CB7F1FEEB26A00FCFB49 /* DongCam1ViewController.xib */; };
		EA0A066F20010AAA00C51C18 /* ChaoHoiViewController.swift in Sources */ = {isa = PBXBuildFile; fileRef = EA0A066D20010AAA00C51C18 /* ChaoHoiViewController.swift */; };
		EA0A067020010AAA00C51C18 /* ChaoHoiViewController.xib in Resources */ = {isa = PBXBuildFile; fileRef = EA0A066E20010AAA00C51C18 /* ChaoHoiViewController.xib */; };
		EA0A0677200113BF00C51C18 /* ChiaSeViewController.swift in Sources */ = {isa = PBXBuildFile; fileRef = EA0A0675200113BF00C51C18 /* ChiaSeViewController.swift */; };
		EA0A0678200113BF00C51C18 /* ChiaSeViewController.xib in Resources */ = {isa = PBXBuildFile; fileRef = EA0A0676200113BF00C51C18 /* ChiaSeViewController.xib */; };
		EA0A067C2001182C00C51C18 /* GiupDoViewController.swift in Sources */ = {isa = PBXBuildFile; fileRef = EA0A067A2001182C00C51C18 /* GiupDoViewController.swift */; };
		EA0A067D2001182C00C51C18 /* GiupDoViewController.xib in Resources */ = {isa = PBXBuildFile; fileRef = EA0A067B2001182C00C51C18 /* GiupDoViewController.xib */; };
		EA0A067F200118F500C51C18 /* SocialStoryViewController.swift in Sources */ = {isa = PBXBuildFile; fileRef = EA0A067E200118F500C51C18 /* SocialStoryViewController.swift */; };
		EA0C6071200201CF008598BF /* ChamSocViewController.swift in Sources */ = {isa = PBXBuildFile; fileRef = EA0C606F200201CF008598BF /* ChamSocViewController.swift */; };
		EA0C6072200201CF008598BF /* ChamSocViewController.xib in Resources */ = {isa = PBXBuildFile; fileRef = EA0C6070200201CF008598BF /* ChamSocViewController.xib */; };
		EA125C77200CE48E003A4847 /* GameXHViewController.swift in Sources */ = {isa = PBXBuildFile; fileRef = EA125C75200CE48E003A4847 /* GameXHViewController.swift */; };
		EA125C78200CE48E003A4847 /* GameXHViewController.xib in Resources */ = {isa = PBXBuildFile; fileRef = EA125C76200CE48E003A4847 /* GameXHViewController.xib */; };
		EA125C7A200CE620003A4847 /* ViewType.swift in Sources */ = {isa = PBXBuildFile; fileRef = EA125C79200CE620003A4847 /* ViewType.swift */; };
		EA132830200C5A63006118CF /* ChaoHoi.storyboard in Resources */ = {isa = PBXBuildFile; fileRef = EA13282F200C5A63006118CF /* ChaoHoi.storyboard */; };
		EA132832200C5B8B006118CF /* ChaoHoiDetailViewController.swift in Sources */ = {isa = PBXBuildFile; fileRef = EA132831200C5B8B006118CF /* ChaoHoiDetailViewController.swift */; };
		EA132834200C5E68006118CF /* ChaoHoiFinishViewController.swift in Sources */ = {isa = PBXBuildFile; fileRef = EA132833200C5E68006118CF /* ChaoHoiFinishViewController.swift */; };
		EA24F1251FF1CF8700FE7637 /* BubbleViewController.swift in Sources */ = {isa = PBXBuildFile; fileRef = EA24F1231FF1CF8700FE7637 /* BubbleViewController.swift */; };
		EA24F1261FF1CF8700FE7637 /* BubbleViewController.xib in Resources */ = {isa = PBXBuildFile; fileRef = EA24F1241FF1CF8700FE7637 /* BubbleViewController.xib */; };
		EA24F1281FF1D0EB00FE7637 /* KhaiTriViewController.swift in Sources */ = {isa = PBXBuildFile; fileRef = EA24F1271FF1D0EB00FE7637 /* KhaiTriViewController.swift */; };
		EA25C30120050B1500BF60F6 /* CoGiaoKhenViewController.swift in Sources */ = {isa = PBXBuildFile; fileRef = EA25C2FF20050B1500BF60F6 /* CoGiaoKhenViewController.swift */; };
		EA25C30220050B1500BF60F6 /* CoGiaoKhenViewController.xib in Resources */ = {isa = PBXBuildFile; fileRef = EA25C30020050B1500BF60F6 /* CoGiaoKhenViewController.xib */; };
		EA3730ED1FE5157D00607FB7 /* ChangeClothesViewController.swift in Sources */ = {isa = PBXBuildFile; fileRef = EA3730EB1FE5157D00607FB7 /* ChangeClothesViewController.swift */; };
		EA3730EE1FE5157D00607FB7 /* ChangeClothesViewController.xib in Resources */ = {isa = PBXBuildFile; fileRef = EA3730EC1FE5157D00607FB7 /* ChangeClothesViewController.xib */; };
		EA3ED3481FEF2FC200BE3721 /* DongCam2ViewController.swift in Sources */ = {isa = PBXBuildFile; fileRef = EA3ED3461FEF2FC200BE3721 /* DongCam2ViewController.swift */; };
		EA3ED3491FEF2FC200BE3721 /* DongCam2ViewController.xib in Resources */ = {isa = PBXBuildFile; fileRef = EA3ED3471FEF2FC200BE3721 /* DongCam2ViewController.xib */; };
		EA3EE56E200CA53200531A1B /* ChiaSe.storyboard in Resources */ = {isa = PBXBuildFile; fileRef = EA3EE56D200CA53200531A1B /* ChiaSe.storyboard */; };
		EA3EE570200CA59400531A1B /* ChiaSeDetailViewController.swift in Sources */ = {isa = PBXBuildFile; fileRef = EA3EE56F200CA59400531A1B /* ChiaSeDetailViewController.swift */; };
		EA3EE572200CA5BE00531A1B /* ChiaSeFinishViewController.swift in Sources */ = {isa = PBXBuildFile; fileRef = EA3EE571200CA5BE00531A1B /* ChiaSeFinishViewController.swift */; };
		EA3EE574200CA7F900531A1B /* GiupDo.storyboard in Resources */ = {isa = PBXBuildFile; fileRef = EA3EE573200CA7F900531A1B /* GiupDo.storyboard */; };
		EA3EE576200CA84200531A1B /* GiupDoDetailViewController.swift in Sources */ = {isa = PBXBuildFile; fileRef = EA3EE575200CA84200531A1B /* GiupDoDetailViewController.swift */; };
		EA3EE578200CA85600531A1B /* GiupDoFinishViewController.swift in Sources */ = {isa = PBXBuildFile; fileRef = EA3EE577200CA85600531A1B /* GiupDoFinishViewController.swift */; };
		EA600A211FE4F9FB00C2B123 /* HandwashingViewController.swift in Sources */ = {isa = PBXBuildFile; fileRef = EA600A1F1FE4F9FB00C2B123 /* HandwashingViewController.swift */; };
		EA600A221FE4F9FB00C2B123 /* HandwashingViewController.xib in Resources */ = {isa = PBXBuildFile; fileRef = EA600A201FE4F9FB00C2B123 /* HandwashingViewController.xib */; };
		EA6C6555200E3752008919C4 /* CoiAo.storyboard in Resources */ = {isa = PBXBuildFile; fileRef = EA6C6554200E3752008919C4 /* CoiAo.storyboard */; };
		EA6C6557200E3CF3008919C4 /* CoiAoViewController.swift in Sources */ = {isa = PBXBuildFile; fileRef = EA6C6556200E3CF3008919C4 /* CoiAoViewController.swift */; };
		EA6C6559200E3D61008919C4 /* XHThaoDienViewController.swift in Sources */ = {isa = PBXBuildFile; fileRef = EA6C6558200E3D61008919C4 /* XHThaoDienViewController.swift */; };
		EA6C655B200E3EB7008919C4 /* MacAo.storyboard in Resources */ = {isa = PBXBuildFile; fileRef = EA6C655A200E3EB7008919C4 /* MacAo.storyboard */; };
		EA6C655D200E3F07008919C4 /* MacAoViewController.swift in Sources */ = {isa = PBXBuildFile; fileRef = EA6C655C200E3F07008919C4 /* MacAoViewController.swift */; };
		EA6C655F200E3F81008919C4 /* CoiQuan.storyboard in Resources */ = {isa = PBXBuildFile; fileRef = EA6C655E200E3F81008919C4 /* CoiQuan.storyboard */; };
		EA6C6561200E3FD7008919C4 /* CoiQuanViewController.swift in Sources */ = {isa = PBXBuildFile; fileRef = EA6C6560200E3FD7008919C4 /* CoiQuanViewController.swift */; };
		EA6C6563200E402B008919C4 /* MacQuan.storyboard in Resources */ = {isa = PBXBuildFile; fileRef = EA6C6562200E402B008919C4 /* MacQuan.storyboard */; };
		EA6C6565200E416C008919C4 /* MacQuanViewController.swift in Sources */ = {isa = PBXBuildFile; fileRef = EA6C6564200E416C008919C4 /* MacQuanViewController.swift */; };
		EA72D875200439AF00A53866 /* XinGiupDoViewController.swift in Sources */ = {isa = PBXBuildFile; fileRef = EA72D873200439AF00A53866 /* XinGiupDoViewController.swift */; };
		EA72D876200439AF00A53866 /* XinGiupDoViewController.xib in Resources */ = {isa = PBXBuildFile; fileRef = EA72D874200439AF00A53866 /* XinGiupDoViewController.xib */; };
		EA72D87A2004435000A53866 /* MeTangQuaViewController.swift in Sources */ = {isa = PBXBuildFile; fileRef = EA72D8782004435000A53866 /* MeTangQuaViewController.swift */; };
		EA72D87B2004435000A53866 /* MeTangQuaViewController.xib in Resources */ = {isa = PBXBuildFile; fileRef = EA72D8792004435000A53866 /* MeTangQuaViewController.xib */; };
		EA72D87D2004453300A53866 /* CamOnViewController.swift in Sources */ = {isa = PBXBuildFile; fileRef = EA72D87C2004453300A53866 /* CamOnViewController.swift */; };
		EA7F5CDD1FA587DC00A87ACC /* AppDelegate.swift in Sources */ = {isa = PBXBuildFile; fileRef = EA7F5CDC1FA587DC00A87ACC /* AppDelegate.swift */; };
		EA7F5CDF1FA587DC00A87ACC /* ViewController.swift in Sources */ = {isa = PBXBuildFile; fileRef = EA7F5CDE1FA587DC00A87ACC /* ViewController.swift */; };
		EA7F5CE21FA587DC00A87ACC /* Main.storyboard in Resources */ = {isa = PBXBuildFile; fileRef = EA7F5CE01FA587DC00A87ACC /* Main.storyboard */; };
		EA7F5CE41FA587DC00A87ACC /* Assets.xcassets in Resources */ = {isa = PBXBuildFile; fileRef = EA7F5CE31FA587DC00A87ACC /* Assets.xcassets */; };
		EA7F5CE71FA587DC00A87ACC /* LaunchScreen.storyboard in Resources */ = {isa = PBXBuildFile; fileRef = EA7F5CE51FA587DC00A87ACC /* LaunchScreen.storyboard */; };
		EA81A2EB1FE5007200206697 /* IntroHandwashingViewController.swift in Sources */ = {isa = PBXBuildFile; fileRef = EA81A2E91FE5007200206697 /* IntroHandwashingViewController.swift */; };
		EA81A2EC1FE5007200206697 /* IntroHandwashingViewController.xib in Resources */ = {isa = PBXBuildFile; fileRef = EA81A2EA1FE5007200206697 /* IntroHandwashingViewController.xib */; };
		EA956A582003526A001FB10E /* bong_no.mp3 in Resources */ = {isa = PBXBuildFile; fileRef = EA956A572003526A001FB10E /* bong_no.mp3 */; };
		EA9DFC8A1FEE4F9C00F33CE7 /* MainViewController.swift in Sources */ = {isa = PBXBuildFile; fileRef = EA9DFC891FEE4F9C00F33CE7 /* MainViewController.swift */; };
		EAA2FB8120047DB600F925B5 /* ChiaSeDoChoiViewController.swift in Sources */ = {isa = PBXBuildFile; fileRef = EAA2FB7F20047DB600F925B5 /* ChiaSeDoChoiViewController.swift */; };
		EAA2FB8220047DB600F925B5 /* ChiaSeDoChoiViewController.xib in Resources */ = {isa = PBXBuildFile; fileRef = EAA2FB8020047DB600F925B5 /* ChiaSeDoChoiViewController.xib */; };
		EAA2FB8420048E2E00F925B5 /* UocMoViewController.swift in Sources */ = {isa = PBXBuildFile; fileRef = EAA2FB8320048E2E00F925B5 /* UocMoViewController.swift */; };
		EAA2FB8C2004902B00F925B5 /* ChaoHoiKXViewController.swift in Sources */ = {isa = PBXBuildFile; fileRef = EAA2FB8A2004902B00F925B5 /* ChaoHoiKXViewController.swift */; };
		EAA2FB8D2004902B00F925B5 /* ChaoHoiKXViewController.xib in Resources */ = {isa = PBXBuildFile; fileRef = EAA2FB8B2004902B00F925B5 /* ChaoHoiKXViewController.xib */; };
		EAA2FB902004920600F925B5 /* ChaoHoiKXResultViewController.swift in Sources */ = {isa = PBXBuildFile; fileRef = EAA2FB8E2004920600F925B5 /* ChaoHoiKXResultViewController.swift */; };
		EAA2FB912004920600F925B5 /* ChaoHoiKXResultViewController.xib in Resources */ = {isa = PBXBuildFile; fileRef = EAA2FB8F2004920600F925B5 /* ChaoHoiKXResultViewController.xib */; };
		EAB2D7C01FA5F58A001DD97E /* GameViewController.swift in Sources */ = {isa = PBXBuildFile; fileRef = EAB2D7BE1FA5F58A001DD97E /* GameViewController.swift */; };
		EAB2D7C11FA5F58A001DD97E /* GameViewController.xib in Resources */ = {isa = PBXBuildFile; fileRef = EAB2D7BF1FA5F58A001DD97E /* GameViewController.xib */; };
		EABE1E4A2001B80300C23A1B /* KhoiXuongViewController.swift in Sources */ = {isa = PBXBuildFile; fileRef = EABE1E492001B80300C23A1B /* KhoiXuongViewController.swift */; };
		EABE1E4D2001B92E00C23A1B /* DongVatViewController.swift in Sources */ = {isa = PBXBuildFile; fileRef = EABE1E4B2001B92E00C23A1B /* DongVatViewController.swift */; };
		EABE1E4E2001B92E00C23A1B /* DongVatViewController.xib in Resources */ = {isa = PBXBuildFile; fileRef = EABE1E4C2001B92E00C23A1B /* DongVatViewController.xib */; };
		EABE1E512001B97400C23A1B /* PhuongTienViewController.swift in Sources */ = {isa = PBXBuildFile; fileRef = EABE1E4F2001B97400C23A1B /* PhuongTienViewController.swift */; };
		EABE1E522001B97400C23A1B /* PhuongTienViewController.xib in Resources */ = {isa = PBXBuildFile; fileRef = EABE1E502001B97400C23A1B /* PhuongTienViewController.xib */; };
		EABE1E552001B99800C23A1B /* NhacCuViewController.swift in Sources */ = {isa = PBXBuildFile; fileRef = EABE1E532001B99800C23A1B /* NhacCuViewController.swift */; };
		EABE1E562001B99800C23A1B /* NhacCuViewController.xib in Resources */ = {isa = PBXBuildFile; fileRef = EABE1E542001B99800C23A1B /* NhacCuViewController.xib */; };
		EABE1E5D2001C91100C23A1B /* bo.MOV in Resources */ = {isa = PBXBuildFile; fileRef = EABE1E5C2001C91100C23A1B /* bo.MOV */; };
		EABE1E622001CD7000C23A1B /* heo.MOV in Resources */ = {isa = PBXBuildFile; fileRef = EABE1E5E2001CD6700C23A1B /* heo.MOV */; };
		EABE1E632001CD7000C23A1B /* meo.MOV in Resources */ = {isa = PBXBuildFile; fileRef = EABE1E5F2001CD6A00C23A1B /* meo.MOV */; };
		EABE1E642001CD7000C23A1B /* cho.MOV in Resources */ = {isa = PBXBuildFile; fileRef = EABE1E602001CD6D00C23A1B /* cho.MOV */; };
		EABE1E652001CD7000C23A1B /* ga.MOV in Resources */ = {isa = PBXBuildFile; fileRef = EABE1E612001CD7000C23A1B /* ga.MOV */; };
		EABE1E6D2001D40D00C23A1B /* ken.MOV in Resources */ = {isa = PBXBuildFile; fileRef = EABE1E682001D40100C23A1B /* ken.MOV */; };
		EABE1E6E2001D40D00C23A1B /* DanTung.MOV in Resources */ = {isa = PBXBuildFile; fileRef = EABE1E692001D40400C23A1B /* DanTung.MOV */; };
		EABE1E6F2001D40D00C23A1B /* dan.MOV in Resources */ = {isa = PBXBuildFile; fileRef = EABE1E6A2001D40700C23A1B /* dan.MOV */; };
		EABE1E702001D40D00C23A1B /* trong.MOV in Resources */ = {isa = PBXBuildFile; fileRef = EABE1E6B2001D40A00C23A1B /* trong.MOV */; };
		EABE1E712001D40D00C23A1B /* violon.MOV in Resources */ = {isa = PBXBuildFile; fileRef = EABE1E6C2001D40D00C23A1B /* violon.MOV */; };
		EABE1E772001D42000C23A1B /* xebus.MOV in Resources */ = {isa = PBXBuildFile; fileRef = EABE1E722001D41200C23A1B /* xebus.MOV */; };
		EABE1E782001D42000C23A1B /* thuyen.MOV in Resources */ = {isa = PBXBuildFile; fileRef = EABE1E732001D41600C23A1B /* thuyen.MOV */; };
		EABE1E792001D42000C23A1B /* xehoi.MOV in Resources */ = {isa = PBXBuildFile; fileRef = EABE1E742001D41900C23A1B /* xehoi.MOV */; };
		EABE1E7A2001D42000C23A1B /* maybay.MOV in Resources */ = {isa = PBXBuildFile; fileRef = EABE1E752001D41C00C23A1B /* maybay.MOV */; };
		EABE1E7B2001D42000C23A1B /* taulua.MOV in Resources */ = {isa = PBXBuildFile; fileRef = EABE1E762001D42000C23A1B /* taulua.MOV */; };
		EADD1B1C1FE4B1B0003157F9 /* GoWCViewController.swift in Sources */ = {isa = PBXBuildFile; fileRef = EADD1B1A1FE4B1B0003157F9 /* GoWCViewController.swift */; };
		EADD1B1D1FE4B1B0003157F9 /* GoWCViewController.xib in Resources */ = {isa = PBXBuildFile; fileRef = EADD1B1B1FE4B1B0003157F9 /* GoWCViewController.xib */; };
		EAE5E72F1FEF876900003966 /* CamXuc1ViewController.swift in Sources */ = {isa = PBXBuildFile; fileRef = EAE5E72D1FEF876900003966 /* CamXuc1ViewController.swift */; };
		EAE5E7301FEF876900003966 /* CamXuc1ViewController.xib in Resources */ = {isa = PBXBuildFile; fileRef = EAE5E72E1FEF876900003966 /* CamXuc1ViewController.xib */; };
		EAEFF4971FA58D6000AF4078 /* BrushTeethViewController.swift in Sources */ = {isa = PBXBuildFile; fileRef = EAEFF4961FA58D6000AF4078 /* BrushTeethViewController.swift */; };
		EAEFF49A1FA5903500AF4078 /* BaseViewController.swift in Sources */ = {isa = PBXBuildFile; fileRef = EAEFF4991FA5903500AF4078 /* BaseViewController.swift */; };
		EAEFF49D1FA5920700AF4078 /* Array.swift in Sources */ = {isa = PBXBuildFile; fileRef = EAEFF49C1FA5920700AF4078 /* Array.swift */; };
		EAEFF4A01FA5979200AF4078 /* AllFallDown.mp3 in Resources */ = {isa = PBXBuildFile; fileRef = EAEFF49F1FA5979200AF4078 /* AllFallDown.mp3 */; };
		EAEFF4A61FA5ABCE00AF4078 /* dung roi.wav in Resources */ = {isa = PBXBuildFile; fileRef = EAEFF4A51FA5ABCE00AF4078 /* dung roi.wav */; };
		EAEFF4A81FA5ABDC00AF4078 /* thu cach khac.wav in Resources */ = {isa = PBXBuildFile; fileRef = EAEFF4A71FA5ABDC00AF4078 /* thu cach khac.wav */; };
		EAEFF4AA1FA5B07700AF4078 /* be that gioi.wav in Resources */ = {isa = PBXBuildFile; fileRef = EAEFF4A91FA5B07700AF4078 /* be that gioi.wav */; };
		EAFBB966200F82CB0092002D /* Correct.mp3 in Resources */ = {isa = PBXBuildFile; fileRef = EAFBB963200F82CA0092002D /* Correct.mp3 */; };
		EAFBB967200F82CB0092002D /* VoTay.mp3 in Resources */ = {isa = PBXBuildFile; fileRef = EAFBB964200F82CA0092002D /* VoTay.mp3 */; };
		EAFBB968200F82CB0092002D /* Wrong.mp3 in Resources */ = {isa = PBXBuildFile; fileRef = EAFBB965200F82CA0092002D /* Wrong.mp3 */; };
		EAFFA32E200ECEAC00BDFEEB /* CoiAoFInishViewController.swift in Sources */ = {isa = PBXBuildFile; fileRef = EAFFA32D200ECEAC00BDFEEB /* CoiAoFInishViewController.swift */; };
		EAFFA330200ED08D00BDFEEB /* MacAoFinishViewController.swift in Sources */ = {isa = PBXBuildFile; fileRef = EAFFA32F200ED08D00BDFEEB /* MacAoFinishViewController.swift */; };
		EAFFA332200ED1DC00BDFEEB /* CoiQuanFinishViewController.swift in Sources */ = {isa = PBXBuildFile; fileRef = EAFFA331200ED1DC00BDFEEB /* CoiQuanFinishViewController.swift */; };
		EAFFA334200ED29000BDFEEB /* MacQuanFinishViewController.swift in Sources */ = {isa = PBXBuildFile; fileRef = EAFFA333200ED29000BDFEEB /* MacQuanFinishViewController.swift */; };
/* End PBXBuildFile section */

/* Begin PBXFileReference section */
		EA01CB6C1FEE98E900FCFB49 /* CamXuc2ViewController.swift */ = {isa = PBXFileReference; lastKnownFileType = sourcecode.swift; path = CamXuc2ViewController.swift; sourceTree = "<group>"; };
		EA01CB6D1FEE98E900FCFB49 /* CamXuc2ViewController.xib */ = {isa = PBXFileReference; lastKnownFileType = file.xib; path = CamXuc2ViewController.xib; sourceTree = "<group>"; };
		EA01CB701FEE9C9300FCFB49 /* DoanCamXuc1ViewController.swift */ = {isa = PBXFileReference; lastKnownFileType = sourcecode.swift; path = DoanCamXuc1ViewController.swift; sourceTree = "<group>"; };
		EA01CB711FEE9C9300FCFB49 /* DoanCamXuc1ViewController.xib */ = {isa = PBXFileReference; lastKnownFileType = file.xib; path = DoanCamXuc1ViewController.xib; sourceTree = "<group>"; };
		EA01CB741FEEA2C800FCFB49 /* MsDungViewController.swift */ = {isa = PBXFileReference; lastKnownFileType = sourcecode.swift; path = MsDungViewController.swift; sourceTree = "<group>"; };
		EA01CB761FEEAAA900FCFB49 /* DoanCamXuc21ViewController.swift */ = {isa = PBXFileReference; lastKnownFileType = sourcecode.swift; path = DoanCamXuc21ViewController.swift; sourceTree = "<group>"; };
		EA01CB771FEEAAA900FCFB49 /* DoanCamXuc21ViewController.xib */ = {isa = PBXFileReference; lastKnownFileType = file.xib; path = DoanCamXuc21ViewController.xib; sourceTree = "<group>"; };
		EA01CB7A1FEEADB600FCFB49 /* DoanCamXuc22ViewController.swift */ = {isa = PBXFileReference; lastKnownFileType = sourcecode.swift; path = DoanCamXuc22ViewController.swift; sourceTree = "<group>"; };
		EA01CB7B1FEEADB600FCFB49 /* DoanCamXuc22ViewController.xib */ = {isa = PBXFileReference; lastKnownFileType = file.xib; path = DoanCamXuc22ViewController.xib; sourceTree = "<group>"; };
		EA01CB7E1FEEB26A00FCFB49 /* DongCam1ViewController.swift */ = {isa = PBXFileReference; lastKnownFileType = sourcecode.swift; path = DongCam1ViewController.swift; sourceTree = "<group>"; };
		EA01CB7F1FEEB26A00FCFB49 /* DongCam1ViewController.xib */ = {isa = PBXFileReference; lastKnownFileType = file.xib; path = DongCam1ViewController.xib; sourceTree = "<group>"; };
		EA0A066D20010AAA00C51C18 /* ChaoHoiViewController.swift */ = {isa = PBXFileReference; lastKnownFileType = sourcecode.swift; path = ChaoHoiViewController.swift; sourceTree = "<group>"; };
		EA0A066E20010AAA00C51C18 /* ChaoHoiViewController.xib */ = {isa = PBXFileReference; lastKnownFileType = file.xib; path = ChaoHoiViewController.xib; sourceTree = "<group>"; };
		EA0A0675200113BF00C51C18 /* ChiaSeViewController.swift */ = {isa = PBXFileReference; lastKnownFileType = sourcecode.swift; path = ChiaSeViewController.swift; sourceTree = "<group>"; };
		EA0A0676200113BF00C51C18 /* ChiaSeViewController.xib */ = {isa = PBXFileReference; lastKnownFileType = file.xib; path = ChiaSeViewController.xib; sourceTree = "<group>"; };
		EA0A067A2001182C00C51C18 /* GiupDoViewController.swift */ = {isa = PBXFileReference; lastKnownFileType = sourcecode.swift; path = GiupDoViewController.swift; sourceTree = "<group>"; };
		EA0A067B2001182C00C51C18 /* GiupDoViewController.xib */ = {isa = PBXFileReference; lastKnownFileType = file.xib; path = GiupDoViewController.xib; sourceTree = "<group>"; };
		EA0A067E200118F500C51C18 /* SocialStoryViewController.swift */ = {isa = PBXFileReference; fileEncoding = 4; lastKnownFileType = sourcecode.swift; path = SocialStoryViewController.swift; sourceTree = "<group>"; };
		EA0C606F200201CF008598BF /* ChamSocViewController.swift */ = {isa = PBXFileReference; lastKnownFileType = sourcecode.swift; path = ChamSocViewController.swift; sourceTree = "<group>"; };
		EA0C6070200201CF008598BF /* ChamSocViewController.xib */ = {isa = PBXFileReference; lastKnownFileType = file.xib; path = ChamSocViewController.xib; sourceTree = "<group>"; };
		EA125C75200CE48E003A4847 /* GameXHViewController.swift */ = {isa = PBXFileReference; lastKnownFileType = sourcecode.swift; path = GameXHViewController.swift; sourceTree = "<group>"; };
		EA125C76200CE48E003A4847 /* GameXHViewController.xib */ = {isa = PBXFileReference; lastKnownFileType = file.xib; path = GameXHViewController.xib; sourceTree = "<group>"; };
		EA125C79200CE620003A4847 /* ViewType.swift */ = {isa = PBXFileReference; lastKnownFileType = sourcecode.swift; path = ViewType.swift; sourceTree = "<group>"; };
		EA13282F200C5A63006118CF /* ChaoHoi.storyboard */ = {isa = PBXFileReference; lastKnownFileType = file.storyboard; path = ChaoHoi.storyboard; sourceTree = "<group>"; };
		EA132831200C5B8B006118CF /* ChaoHoiDetailViewController.swift */ = {isa = PBXFileReference; lastKnownFileType = sourcecode.swift; path = ChaoHoiDetailViewController.swift; sourceTree = "<group>"; };
		EA132833200C5E68006118CF /* ChaoHoiFinishViewController.swift */ = {isa = PBXFileReference; lastKnownFileType = sourcecode.swift; path = ChaoHoiFinishViewController.swift; sourceTree = "<group>"; };
		EA24F1231FF1CF8700FE7637 /* BubbleViewController.swift */ = {isa = PBXFileReference; lastKnownFileType = sourcecode.swift; path = BubbleViewController.swift; sourceTree = "<group>"; };
		EA24F1241FF1CF8700FE7637 /* BubbleViewController.xib */ = {isa = PBXFileReference; lastKnownFileType = file.xib; path = BubbleViewController.xib; sourceTree = "<group>"; };
		EA24F1271FF1D0EB00FE7637 /* KhaiTriViewController.swift */ = {isa = PBXFileReference; lastKnownFileType = sourcecode.swift; path = KhaiTriViewController.swift; sourceTree = "<group>"; };
		EA25C2FF20050B1500BF60F6 /* CoGiaoKhenViewController.swift */ = {isa = PBXFileReference; lastKnownFileType = sourcecode.swift; path = CoGiaoKhenViewController.swift; sourceTree = "<group>"; };
		EA25C30020050B1500BF60F6 /* CoGiaoKhenViewController.xib */ = {isa = PBXFileReference; lastKnownFileType = file.xib; path = CoGiaoKhenViewController.xib; sourceTree = "<group>"; };
		EA3730EB1FE5157D00607FB7 /* ChangeClothesViewController.swift */ = {isa = PBXFileReference; lastKnownFileType = sourcecode.swift; path = ChangeClothesViewController.swift; sourceTree = "<group>"; };
		EA3730EC1FE5157D00607FB7 /* ChangeClothesViewController.xib */ = {isa = PBXFileReference; lastKnownFileType = file.xib; path = ChangeClothesViewController.xib; sourceTree = "<group>"; };
		EA3ED3461FEF2FC200BE3721 /* DongCam2ViewController.swift */ = {isa = PBXFileReference; lastKnownFileType = sourcecode.swift; path = DongCam2ViewController.swift; sourceTree = "<group>"; };
		EA3ED3471FEF2FC200BE3721 /* DongCam2ViewController.xib */ = {isa = PBXFileReference; lastKnownFileType = file.xib; path = DongCam2ViewController.xib; sourceTree = "<group>"; };
		EA3EE56D200CA53200531A1B /* ChiaSe.storyboard */ = {isa = PBXFileReference; lastKnownFileType = file.storyboard; path = ChiaSe.storyboard; sourceTree = "<group>"; };
		EA3EE56F200CA59400531A1B /* ChiaSeDetailViewController.swift */ = {isa = PBXFileReference; lastKnownFileType = sourcecode.swift; path = ChiaSeDetailViewController.swift; sourceTree = "<group>"; };
		EA3EE571200CA5BE00531A1B /* ChiaSeFinishViewController.swift */ = {isa = PBXFileReference; lastKnownFileType = sourcecode.swift; path = ChiaSeFinishViewController.swift; sourceTree = "<group>"; };
		EA3EE573200CA7F900531A1B /* GiupDo.storyboard */ = {isa = PBXFileReference; lastKnownFileType = file.storyboard; path = GiupDo.storyboard; sourceTree = "<group>"; };
		EA3EE575200CA84200531A1B /* GiupDoDetailViewController.swift */ = {isa = PBXFileReference; lastKnownFileType = sourcecode.swift; path = GiupDoDetailViewController.swift; sourceTree = "<group>"; };
		EA3EE577200CA85600531A1B /* GiupDoFinishViewController.swift */ = {isa = PBXFileReference; lastKnownFileType = sourcecode.swift; path = GiupDoFinishViewController.swift; sourceTree = "<group>"; };
		EA600A1F1FE4F9FB00C2B123 /* HandwashingViewController.swift */ = {isa = PBXFileReference; lastKnownFileType = sourcecode.swift; path = HandwashingViewController.swift; sourceTree = "<group>"; };
		EA600A201FE4F9FB00C2B123 /* HandwashingViewController.xib */ = {isa = PBXFileReference; lastKnownFileType = file.xib; path = HandwashingViewController.xib; sourceTree = "<group>"; };
		EA6C6554200E3752008919C4 /* CoiAo.storyboard */ = {isa = PBXFileReference; lastKnownFileType = file.storyboard; path = CoiAo.storyboard; sourceTree = "<group>"; };
		EA6C6556200E3CF3008919C4 /* CoiAoViewController.swift */ = {isa = PBXFileReference; lastKnownFileType = sourcecode.swift; path = CoiAoViewController.swift; sourceTree = "<group>"; };
		EA6C6558200E3D61008919C4 /* XHThaoDienViewController.swift */ = {isa = PBXFileReference; lastKnownFileType = sourcecode.swift; path = XHThaoDienViewController.swift; sourceTree = "<group>"; };
		EA6C655A200E3EB7008919C4 /* MacAo.storyboard */ = {isa = PBXFileReference; lastKnownFileType = file.storyboard; path = MacAo.storyboard; sourceTree = "<group>"; };
		EA6C655C200E3F07008919C4 /* MacAoViewController.swift */ = {isa = PBXFileReference; lastKnownFileType = sourcecode.swift; path = MacAoViewController.swift; sourceTree = "<group>"; };
		EA6C655E200E3F81008919C4 /* CoiQuan.storyboard */ = {isa = PBXFileReference; lastKnownFileType = file.storyboard; path = CoiQuan.storyboard; sourceTree = "<group>"; };
		EA6C6560200E3FD7008919C4 /* CoiQuanViewController.swift */ = {isa = PBXFileReference; lastKnownFileType = sourcecode.swift; path = CoiQuanViewController.swift; sourceTree = "<group>"; };
		EA6C6562200E402B008919C4 /* MacQuan.storyboard */ = {isa = PBXFileReference; lastKnownFileType = file.storyboard; path = MacQuan.storyboard; sourceTree = "<group>"; };
		EA6C6564200E416C008919C4 /* MacQuanViewController.swift */ = {isa = PBXFileReference; lastKnownFileType = sourcecode.swift; path = MacQuanViewController.swift; sourceTree = "<group>"; };
		EA72D873200439AF00A53866 /* XinGiupDoViewController.swift */ = {isa = PBXFileReference; lastKnownFileType = sourcecode.swift; path = XinGiupDoViewController.swift; sourceTree = "<group>"; };
		EA72D874200439AF00A53866 /* XinGiupDoViewController.xib */ = {isa = PBXFileReference; lastKnownFileType = file.xib; path = XinGiupDoViewController.xib; sourceTree = "<group>"; };
		EA72D8782004435000A53866 /* MeTangQuaViewController.swift */ = {isa = PBXFileReference; lastKnownFileType = sourcecode.swift; path = MeTangQuaViewController.swift; sourceTree = "<group>"; };
		EA72D8792004435000A53866 /* MeTangQuaViewController.xib */ = {isa = PBXFileReference; lastKnownFileType = file.xib; path = MeTangQuaViewController.xib; sourceTree = "<group>"; };
		EA72D87C2004453300A53866 /* CamOnViewController.swift */ = {isa = PBXFileReference; lastKnownFileType = sourcecode.swift; path = CamOnViewController.swift; sourceTree = "<group>"; };
		EA7F5CD91FA587DC00A87ACC /* Game4Kids.app */ = {isa = PBXFileReference; explicitFileType = wrapper.application; includeInIndex = 0; path = Game4Kids.app; sourceTree = BUILT_PRODUCTS_DIR; };
		EA7F5CDC1FA587DC00A87ACC /* AppDelegate.swift */ = {isa = PBXFileReference; lastKnownFileType = sourcecode.swift; path = AppDelegate.swift; sourceTree = "<group>"; };
		EA7F5CDE1FA587DC00A87ACC /* ViewController.swift */ = {isa = PBXFileReference; lastKnownFileType = sourcecode.swift; path = ViewController.swift; sourceTree = "<group>"; };
		EA7F5CE11FA587DC00A87ACC /* Base */ = {isa = PBXFileReference; lastKnownFileType = file.storyboard; name = Base; path = Base.lproj/Main.storyboard; sourceTree = "<group>"; };
		EA7F5CE31FA587DC00A87ACC /* Assets.xcassets */ = {isa = PBXFileReference; lastKnownFileType = folder.assetcatalog; path = Assets.xcassets; sourceTree = "<group>"; };
		EA7F5CE61FA587DC00A87ACC /* Base */ = {isa = PBXFileReference; lastKnownFileType = file.storyboard; name = Base; path = Base.lproj/LaunchScreen.storyboard; sourceTree = "<group>"; };
		EA7F5CE81FA587DC00A87ACC /* Info.plist */ = {isa = PBXFileReference; lastKnownFileType = text.plist.xml; path = Info.plist; sourceTree = "<group>"; };
		EA81A2E91FE5007200206697 /* IntroHandwashingViewController.swift */ = {isa = PBXFileReference; lastKnownFileType = sourcecode.swift; path = IntroHandwashingViewController.swift; sourceTree = "<group>"; };
		EA81A2EA1FE5007200206697 /* IntroHandwashingViewController.xib */ = {isa = PBXFileReference; lastKnownFileType = file.xib; path = IntroHandwashingViewController.xib; sourceTree = "<group>"; };
		EA956A572003526A001FB10E /* bong_no.mp3 */ = {isa = PBXFileReference; lastKnownFileType = audio.mp3; path = bong_no.mp3; sourceTree = "<group>"; };
		EA9DFC891FEE4F9C00F33CE7 /* MainViewController.swift */ = {isa = PBXFileReference; lastKnownFileType = sourcecode.swift; path = MainViewController.swift; sourceTree = "<group>"; };
		EAA2FB7F20047DB600F925B5 /* ChiaSeDoChoiViewController.swift */ = {isa = PBXFileReference; lastKnownFileType = sourcecode.swift; path = ChiaSeDoChoiViewController.swift; sourceTree = "<group>"; };
		EAA2FB8020047DB600F925B5 /* ChiaSeDoChoiViewController.xib */ = {isa = PBXFileReference; lastKnownFileType = file.xib; path = ChiaSeDoChoiViewController.xib; sourceTree = "<group>"; };
		EAA2FB8320048E2E00F925B5 /* UocMoViewController.swift */ = {isa = PBXFileReference; lastKnownFileType = sourcecode.swift; path = UocMoViewController.swift; sourceTree = "<group>"; };
		EAA2FB8A2004902B00F925B5 /* ChaoHoiKXViewController.swift */ = {isa = PBXFileReference; lastKnownFileType = sourcecode.swift; path = ChaoHoiKXViewController.swift; sourceTree = "<group>"; };
		EAA2FB8B2004902B00F925B5 /* ChaoHoiKXViewController.xib */ = {isa = PBXFileReference; lastKnownFileType = file.xib; path = ChaoHoiKXViewController.xib; sourceTree = "<group>"; };
		EAA2FB8E2004920600F925B5 /* ChaoHoiKXResultViewController.swift */ = {isa = PBXFileReference; lastKnownFileType = sourcecode.swift; path = ChaoHoiKXResultViewController.swift; sourceTree = "<group>"; };
		EAA2FB8F2004920600F925B5 /* ChaoHoiKXResultViewController.xib */ = {isa = PBXFileReference; lastKnownFileType = file.xib; path = ChaoHoiKXResultViewController.xib; sourceTree = "<group>"; };
		EAB2D7BE1FA5F58A001DD97E /* GameViewController.swift */ = {isa = PBXFileReference; fileEncoding = 4; lastKnownFileType = sourcecode.swift; path = GameViewController.swift; sourceTree = "<group>"; };
		EAB2D7BF1FA5F58A001DD97E /* GameViewController.xib */ = {isa = PBXFileReference; fileEncoding = 4; lastKnownFileType = file.xib; path = GameViewController.xib; sourceTree = "<group>"; };
		EABE1E492001B80300C23A1B /* KhoiXuongViewController.swift */ = {isa = PBXFileReference; lastKnownFileType = sourcecode.swift; path = KhoiXuongViewController.swift; sourceTree = "<group>"; };
		EABE1E4B2001B92E00C23A1B /* DongVatViewController.swift */ = {isa = PBXFileReference; lastKnownFileType = sourcecode.swift; path = DongVatViewController.swift; sourceTree = "<group>"; };
		EABE1E4C2001B92E00C23A1B /* DongVatViewController.xib */ = {isa = PBXFileReference; lastKnownFileType = file.xib; path = DongVatViewController.xib; sourceTree = "<group>"; };
		EABE1E4F2001B97400C23A1B /* PhuongTienViewController.swift */ = {isa = PBXFileReference; lastKnownFileType = sourcecode.swift; path = PhuongTienViewController.swift; sourceTree = "<group>"; };
		EABE1E502001B97400C23A1B /* PhuongTienViewController.xib */ = {isa = PBXFileReference; lastKnownFileType = file.xib; path = PhuongTienViewController.xib; sourceTree = "<group>"; };
		EABE1E532001B99800C23A1B /* NhacCuViewController.swift */ = {isa = PBXFileReference; lastKnownFileType = sourcecode.swift; path = NhacCuViewController.swift; sourceTree = "<group>"; };
		EABE1E542001B99800C23A1B /* NhacCuViewController.xib */ = {isa = PBXFileReference; lastKnownFileType = file.xib; path = NhacCuViewController.xib; sourceTree = "<group>"; };
		EABE1E5C2001C91100C23A1B /* bo.MOV */ = {isa = PBXFileReference; lastKnownFileType = video.quicktime; path = bo.MOV; sourceTree = "<group>"; };
		EABE1E5E2001CD6700C23A1B /* heo.MOV */ = {isa = PBXFileReference; lastKnownFileType = video.quicktime; path = heo.MOV; sourceTree = "<group>"; };
		EABE1E5F2001CD6A00C23A1B /* meo.MOV */ = {isa = PBXFileReference; lastKnownFileType = video.quicktime; path = meo.MOV; sourceTree = "<group>"; };
		EABE1E602001CD6D00C23A1B /* cho.MOV */ = {isa = PBXFileReference; lastKnownFileType = video.quicktime; path = cho.MOV; sourceTree = "<group>"; };
		EABE1E612001CD7000C23A1B /* ga.MOV */ = {isa = PBXFileReference; lastKnownFileType = video.quicktime; path = ga.MOV; sourceTree = "<group>"; };
		EABE1E682001D40100C23A1B /* ken.MOV */ = {isa = PBXFileReference; lastKnownFileType = video.quicktime; path = ken.MOV; sourceTree = "<group>"; };
		EABE1E692001D40400C23A1B /* DanTung.MOV */ = {isa = PBXFileReference; lastKnownFileType = video.quicktime; path = DanTung.MOV; sourceTree = "<group>"; };
		EABE1E6A2001D40700C23A1B /* dan.MOV */ = {isa = PBXFileReference; lastKnownFileType = video.quicktime; path = dan.MOV; sourceTree = "<group>"; };
		EABE1E6B2001D40A00C23A1B /* trong.MOV */ = {isa = PBXFileReference; lastKnownFileType = video.quicktime; path = trong.MOV; sourceTree = "<group>"; };
		EABE1E6C2001D40D00C23A1B /* violon.MOV */ = {isa = PBXFileReference; lastKnownFileType = video.quicktime; path = violon.MOV; sourceTree = "<group>"; };
		EABE1E722001D41200C23A1B /* xebus.MOV */ = {isa = PBXFileReference; lastKnownFileType = video.quicktime; path = xebus.MOV; sourceTree = "<group>"; };
		EABE1E732001D41600C23A1B /* thuyen.MOV */ = {isa = PBXFileReference; lastKnownFileType = video.quicktime; path = thuyen.MOV; sourceTree = "<group>"; };
		EABE1E742001D41900C23A1B /* xehoi.MOV */ = {isa = PBXFileReference; lastKnownFileType = video.quicktime; path = xehoi.MOV; sourceTree = "<group>"; };
		EABE1E752001D41C00C23A1B /* maybay.MOV */ = {isa = PBXFileReference; lastKnownFileType = video.quicktime; path = maybay.MOV; sourceTree = "<group>"; };
		EABE1E762001D42000C23A1B /* taulua.MOV */ = {isa = PBXFileReference; lastKnownFileType = video.quicktime; path = taulua.MOV; sourceTree = "<group>"; };
		EADD1B1A1FE4B1B0003157F9 /* GoWCViewController.swift */ = {isa = PBXFileReference; lastKnownFileType = sourcecode.swift; path = GoWCViewController.swift; sourceTree = "<group>"; };
		EADD1B1B1FE4B1B0003157F9 /* GoWCViewController.xib */ = {isa = PBXFileReference; lastKnownFileType = file.xib; path = GoWCViewController.xib; sourceTree = "<group>"; };
		EAE5E72D1FEF876900003966 /* CamXuc1ViewController.swift */ = {isa = PBXFileReference; lastKnownFileType = sourcecode.swift; path = CamXuc1ViewController.swift; sourceTree = "<group>"; };
		EAE5E72E1FEF876900003966 /* CamXuc1ViewController.xib */ = {isa = PBXFileReference; lastKnownFileType = file.xib; path = CamXuc1ViewController.xib; sourceTree = "<group>"; };
		EAEFF4961FA58D6000AF4078 /* BrushTeethViewController.swift */ = {isa = PBXFileReference; fileEncoding = 4; lastKnownFileType = sourcecode.swift; path = BrushTeethViewController.swift; sourceTree = "<group>"; };
		EAEFF4991FA5903500AF4078 /* BaseViewController.swift */ = {isa = PBXFileReference; fileEncoding = 4; lastKnownFileType = sourcecode.swift; path = BaseViewController.swift; sourceTree = "<group>"; };
		EAEFF49C1FA5920700AF4078 /* Array.swift */ = {isa = PBXFileReference; fileEncoding = 4; lastKnownFileType = sourcecode.swift; path = Array.swift; sourceTree = "<group>"; };
		EAEFF49F1FA5979200AF4078 /* AllFallDown.mp3 */ = {isa = PBXFileReference; lastKnownFileType = audio.mp3; path = AllFallDown.mp3; sourceTree = "<group>"; };
		EAEFF4A51FA5ABCE00AF4078 /* dung roi.wav */ = {isa = PBXFileReference; lastKnownFileType = audio.wav; path = "dung roi.wav"; sourceTree = "<group>"; };
		EAEFF4A71FA5ABDC00AF4078 /* thu cach khac.wav */ = {isa = PBXFileReference; lastKnownFileType = audio.wav; path = "thu cach khac.wav"; sourceTree = "<group>"; };
		EAEFF4A91FA5B07700AF4078 /* be that gioi.wav */ = {isa = PBXFileReference; lastKnownFileType = audio.wav; path = "be that gioi.wav"; sourceTree = "<group>"; };
		EAFBB963200F82CA0092002D /* Correct.mp3 */ = {isa = PBXFileReference; lastKnownFileType = audio.mp3; path = Correct.mp3; sourceTree = "<group>"; };
		EAFBB964200F82CA0092002D /* VoTay.mp3 */ = {isa = PBXFileReference; lastKnownFileType = audio.mp3; path = VoTay.mp3; sourceTree = "<group>"; };
		EAFBB965200F82CA0092002D /* Wrong.mp3 */ = {isa = PBXFileReference; lastKnownFileType = audio.mp3; path = Wrong.mp3; sourceTree = "<group>"; };
		EAFFA32D200ECEAC00BDFEEB /* CoiAoFInishViewController.swift */ = {isa = PBXFileReference; lastKnownFileType = sourcecode.swift; path = CoiAoFInishViewController.swift; sourceTree = "<group>"; };
		EAFFA32F200ED08D00BDFEEB /* MacAoFinishViewController.swift */ = {isa = PBXFileReference; lastKnownFileType = sourcecode.swift; path = MacAoFinishViewController.swift; sourceTree = "<group>"; };
		EAFFA331200ED1DC00BDFEEB /* CoiQuanFinishViewController.swift */ = {isa = PBXFileReference; lastKnownFileType = sourcecode.swift; path = CoiQuanFinishViewController.swift; sourceTree = "<group>"; };
		EAFFA333200ED29000BDFEEB /* MacQuanFinishViewController.swift */ = {isa = PBXFileReference; lastKnownFileType = sourcecode.swift; path = MacQuanFinishViewController.swift; sourceTree = "<group>"; };
/* End PBXFileReference section */

/* Begin PBXFrameworksBuildPhase section */
		EA7F5CD61FA587DC00A87ACC /* Frameworks */ = {
			isa = PBXFrameworksBuildPhase;
			buildActionMask = 2147483647;
			files = (
			);
			runOnlyForDeploymentPostprocessing = 0;
		};
/* End PBXFrameworksBuildPhase section */

/* Begin PBXGroup section */
		EA01CB6A1FEE987A00FCFB49 /* Utils */ = {
			isa = PBXGroup;
			children = (
				EA7F5CE31FA587DC00A87ACC /* Assets.xcassets */,
				EAEFF49E1FA5978000AF4078 /* Sound */,
				EAEFF49B1FA591E000AF4078 /* Extentions */,
				EA125C79200CE620003A4847 /* ViewType.swift */,
			);
			path = Utils;
			sourceTree = "<group>";
		};
		EA01CB6B1FEE98A300FCFB49 /* Cô Dung */ = {
			isa = PBXGroup;
			children = (
				EAE5E72D1FEF876900003966 /* CamXuc1ViewController.swift */,
				EAE5E72E1FEF876900003966 /* CamXuc1ViewController.xib */,
				EA01CB6C1FEE98E900FCFB49 /* CamXuc2ViewController.swift */,
				EA01CB6D1FEE98E900FCFB49 /* CamXuc2ViewController.xib */,
				EA01CB701FEE9C9300FCFB49 /* DoanCamXuc1ViewController.swift */,
				EA01CB711FEE9C9300FCFB49 /* DoanCamXuc1ViewController.xib */,
				EA01CB761FEEAAA900FCFB49 /* DoanCamXuc21ViewController.swift */,
				EA01CB771FEEAAA900FCFB49 /* DoanCamXuc21ViewController.xib */,
				EA01CB7A1FEEADB600FCFB49 /* DoanCamXuc22ViewController.swift */,
				EA01CB7B1FEEADB600FCFB49 /* DoanCamXuc22ViewController.xib */,
				EA01CB7E1FEEB26A00FCFB49 /* DongCam1ViewController.swift */,
				EA01CB7F1FEEB26A00FCFB49 /* DongCam1ViewController.xib */,
				EA3ED3461FEF2FC200BE3721 /* DongCam2ViewController.swift */,
				EA3ED3471FEF2FC200BE3721 /* DongCam2ViewController.xib */,
			);
			name = "Cô Dung";
			path = "Cô Dung";
			sourceTree = "<group>";
		};
		EA0A0679200117E000C51C18 /* Câu chuyện XH */ = {
			isa = PBXGroup;
			children = (
				EA0A067E200118F500C51C18 /* SocialStoryViewController.swift */,
				EA24F1231FF1CF8700FE7637 /* BubbleViewController.swift */,
				EA24F1241FF1CF8700FE7637 /* BubbleViewController.xib */,
				EA0A066D20010AAA00C51C18 /* ChaoHoiViewController.swift */,
				EA0A066E20010AAA00C51C18 /* ChaoHoiViewController.xib */,
				EA0A0675200113BF00C51C18 /* ChiaSeViewController.swift */,
				EA0A0676200113BF00C51C18 /* ChiaSeViewController.xib */,
				EA0A067A2001182C00C51C18 /* GiupDoViewController.swift */,
				EA0A067B2001182C00C51C18 /* GiupDoViewController.xib */,
				EA72D873200439AF00A53866 /* XinGiupDoViewController.swift */,
				EA72D874200439AF00A53866 /* XinGiupDoViewController.xib */,
				EA3EE56C200CA4CC00531A1B /* Chi tiết */,
				EA125C75200CE48E003A4847 /* GameXHViewController.swift */,
				EA125C76200CE48E003A4847 /* GameXHViewController.xib */,
			);
			name = "Câu chuyện XH";
			path = "Câu chuyện XH";
			sourceTree = "<group>";
		};
		EA24F1201FF1CD9400FE7637 /* Khai Trí */ = {
			isa = PBXGroup;
			children = (
				EA0C606F200201CF008598BF /* ChamSocViewController.swift */,
				EA0C6070200201CF008598BF /* ChamSocViewController.xib */,
				EABE1E462001B7B000C23A1B /* Khởi xướng, chú ý */,
				EA0A0679200117E000C51C18 /* Câu chuyện XH */,
			);
			name = "Khai Trí";
			path = "Khai Trí";
			sourceTree = "<group>";
		};
		EA3EE56C200CA4CC00531A1B /* Chi tiết */ = {
			isa = PBXGroup;
			children = (
				EA13282F200C5A63006118CF /* ChaoHoi.storyboard */,
				EA132831200C5B8B006118CF /* ChaoHoiDetailViewController.swift */,
				EA132833200C5E68006118CF /* ChaoHoiFinishViewController.swift */,
				EA3EE56D200CA53200531A1B /* ChiaSe.storyboard */,
				EA3EE56F200CA59400531A1B /* ChiaSeDetailViewController.swift */,
				EA3EE571200CA5BE00531A1B /* ChiaSeFinishViewController.swift */,
				EA3EE573200CA7F900531A1B /* GiupDo.storyboard */,
				EA3EE575200CA84200531A1B /* GiupDoDetailViewController.swift */,
				EA3EE577200CA85600531A1B /* GiupDoFinishViewController.swift */,
			);
			name = "Chi tiết";
			path = "Chi tiết";
			sourceTree = "<group>";
		};
		EA6C6553200E36DA008919C4 /* XH */ = {
			isa = PBXGroup;
			children = (
				EA6C6554200E3752008919C4 /* CoiAo.storyboard */,
				EA6C6556200E3CF3008919C4 /* CoiAoViewController.swift */,
				EAFFA32D200ECEAC00BDFEEB /* CoiAoFInishViewController.swift */,
				EA6C655A200E3EB7008919C4 /* MacAo.storyboard */,
				EA6C655C200E3F07008919C4 /* MacAoViewController.swift */,
				EAFFA32F200ED08D00BDFEEB /* MacAoFinishViewController.swift */,
				EA6C655E200E3F81008919C4 /* CoiQuan.storyboard */,
				EA6C6560200E3FD7008919C4 /* CoiQuanViewController.swift */,
				EAFFA331200ED1DC00BDFEEB /* CoiQuanFinishViewController.swift */,
				EA6C6562200E402B008919C4 /* MacQuan.storyboard */,
				EA6C6564200E416C008919C4 /* MacQuanViewController.swift */,
				EAFFA333200ED29000BDFEEB /* MacQuanFinishViewController.swift */,
			);
			path = XH;
			sourceTree = "<group>";
		};
		EA72D8772004431400A53866 /* Ước mơ */ = {
			isa = PBXGroup;
			children = (
				EAA2FB8320048E2E00F925B5 /* UocMoViewController.swift */,
				EAA2FB8520048F2B00F925B5 /* Khởi xướng, kết bạn */,
				EA72D87E2004484900A53866 /* Cám ơn */,
				EAA2FB7F20047DB600F925B5 /* ChiaSeDoChoiViewController.swift */,
				EAA2FB8020047DB600F925B5 /* ChiaSeDoChoiViewController.xib */,
			);
			name = "Ước mơ";
			path = "Ước mơ";
			sourceTree = "<group>";
		};
		EA72D87E2004484900A53866 /* Cám ơn */ = {
			isa = PBXGroup;
			children = (
				EA72D87C2004453300A53866 /* CamOnViewController.swift */,
				EA72D8782004435000A53866 /* MeTangQuaViewController.swift */,
				EA72D8792004435000A53866 /* MeTangQuaViewController.xib */,
				EA25C2FF20050B1500BF60F6 /* CoGiaoKhenViewController.swift */,
				EA25C30020050B1500BF60F6 /* CoGiaoKhenViewController.xib */,
			);
			name = "Cám ơn";
			path = "Cám ơn";
			sourceTree = "<group>";
		};
		EA7F5CD01FA587DC00A87ACC = {
			isa = PBXGroup;
			children = (
				EA7F5CDB1FA587DC00A87ACC /* Game4Kids */,
				EA7F5CDA1FA587DC00A87ACC /* Products */,
			);
			sourceTree = "<group>";
		};
		EA7F5CDA1FA587DC00A87ACC /* Products */ = {
			isa = PBXGroup;
			children = (
				EA7F5CD91FA587DC00A87ACC /* Game4Kids.app */,
			);
			name = Products;
			sourceTree = "<group>";
		};
		EA7F5CDB1FA587DC00A87ACC /* Game4Kids */ = {
			isa = PBXGroup;
			children = (
				EA01CB6A1FEE987A00FCFB49 /* Utils */,
				EAEFF4981FA5902800AF4078 /* Base */,
				EA9DFC881FEE4F7800F33CE7 /* Main */,
				EA01CB6B1FEE98A300FCFB49 /* Cô Dung */,
				EA24F1201FF1CD9400FE7637 /* Khai Trí */,
				EADD1B191FE4B179003157F9 /* ThaoDien */,
				EA72D8772004431400A53866 /* Ước mơ */,
				EAEFF4931FA58CFF00AF4078 /* View */,
				EA7F5CE51FA587DC00A87ACC /* LaunchScreen.storyboard */,
				EA7F5CE81FA587DC00A87ACC /* Info.plist */,
				EA7F5CDC1FA587DC00A87ACC /* AppDelegate.swift */,
			);
			path = Game4Kids;
			sourceTree = "<group>";
		};
		EA9DFC881FEE4F7800F33CE7 /* Main */ = {
			isa = PBXGroup;
			children = (
				EA9DFC891FEE4F9C00F33CE7 /* MainViewController.swift */,
				EA7F5CDE1FA587DC00A87ACC /* ViewController.swift */,
				EA7F5CE01FA587DC00A87ACC /* Main.storyboard */,
				EA01CB741FEEA2C800FCFB49 /* MsDungViewController.swift */,
				EA24F1271FF1D0EB00FE7637 /* KhaiTriViewController.swift */,
				EA6C6558200E3D61008919C4 /* XHThaoDienViewController.swift */,
			);
			path = Main;
			sourceTree = "<group>";
		};
		EAA2FB8520048F2B00F925B5 /* Khởi xướng, kết bạn */ = {
			isa = PBXGroup;
			children = (
				EAA2FB8A2004902B00F925B5 /* ChaoHoiKXViewController.swift */,
				EAA2FB8B2004902B00F925B5 /* ChaoHoiKXViewController.xib */,
				EAA2FB8E2004920600F925B5 /* ChaoHoiKXResultViewController.swift */,
				EAA2FB8F2004920600F925B5 /* ChaoHoiKXResultViewController.xib */,
			);
			name = "Khởi xướng, kết bạn";
			path = "Khởi xướng, kết bạn";
			sourceTree = "<group>";
		};
		EABE1E462001B7B000C23A1B /* Khởi xướng, chú ý */ = {
			isa = PBXGroup;
			children = (
				EABE1E492001B80300C23A1B /* KhoiXuongViewController.swift */,
				EABE1E4B2001B92E00C23A1B /* DongVatViewController.swift */,
				EABE1E4C2001B92E00C23A1B /* DongVatViewController.xib */,
				EABE1E4F2001B97400C23A1B /* PhuongTienViewController.swift */,
				EABE1E502001B97400C23A1B /* PhuongTienViewController.xib */,
				EABE1E532001B99800C23A1B /* NhacCuViewController.swift */,
				EABE1E542001B99800C23A1B /* NhacCuViewController.xib */,
			);
			name = "Khởi xướng, chú ý";
			path = "Khởi xướng, chú ý";
			sourceTree = "<group>";
		};
		EABE1E5B2001C8E100C23A1B /* Động vật */ = {
			isa = PBXGroup;
			children = (
				EABE1E602001CD6D00C23A1B /* cho.MOV */,
				EABE1E612001CD7000C23A1B /* ga.MOV */,
				EABE1E5E2001CD6700C23A1B /* heo.MOV */,
				EABE1E5F2001CD6A00C23A1B /* meo.MOV */,
				EABE1E5C2001C91100C23A1B /* bo.MOV */,
			);
			name = "Động vật";
			path = "Động vật";
			sourceTree = "<group>";
		};
		EABE1E662001D3C200C23A1B /* Nhạc cụ */ = {
			isa = PBXGroup;
			children = (
				EABE1E6A2001D40700C23A1B /* dan.MOV */,
				EABE1E692001D40400C23A1B /* DanTung.MOV */,
				EABE1E682001D40100C23A1B /* ken.MOV */,
				EABE1E6B2001D40A00C23A1B /* trong.MOV */,
				EABE1E6C2001D40D00C23A1B /* violon.MOV */,
			);
			name = "Nhạc cụ";
			path = "Nhạc cụ";
			sourceTree = "<group>";
		};
		EABE1E672001D3CD00C23A1B /* Phương tiện */ = {
			isa = PBXGroup;
			children = (
				EABE1E752001D41C00C23A1B /* maybay.MOV */,
				EABE1E762001D42000C23A1B /* taulua.MOV */,
				EABE1E732001D41600C23A1B /* thuyen.MOV */,
				EABE1E722001D41200C23A1B /* xebus.MOV */,
				EABE1E742001D41900C23A1B /* xehoi.MOV */,
			);
			name = "Phương tiện";
			path = "Phương tiện";
			sourceTree = "<group>";
		};
		EADD1B191FE4B179003157F9 /* ThaoDien */ = {
			isa = PBXGroup;
			children = (
				EA6C6553200E36DA008919C4 /* XH */,
				EADD1B1A1FE4B1B0003157F9 /* GoWCViewController.swift */,
				EADD1B1B1FE4B1B0003157F9 /* GoWCViewController.xib */,
				EA81A2E91FE5007200206697 /* IntroHandwashingViewController.swift */,
				EA81A2EA1FE5007200206697 /* IntroHandwashingViewController.xib */,
				EA600A1F1FE4F9FB00C2B123 /* HandwashingViewController.swift */,
				EA600A201FE4F9FB00C2B123 /* HandwashingViewController.xib */,
				EA3730EB1FE5157D00607FB7 /* ChangeClothesViewController.swift */,
				EA3730EC1FE5157D00607FB7 /* ChangeClothesViewController.xib */,
			);
			path = ThaoDien;
			sourceTree = "<group>";
		};
		EAEFF4931FA58CFF00AF4078 /* View */ = {
			isa = PBXGroup;
			children = (
				EAEFF4961FA58D6000AF4078 /* BrushTeethViewController.swift */,
				EAB2D7BE1FA5F58A001DD97E /* GameViewController.swift */,
				EAB2D7BF1FA5F58A001DD97E /* GameViewController.xib */,
			);
			path = View;
			sourceTree = "<group>";
		};
		EAEFF4981FA5902800AF4078 /* Base */ = {
			isa = PBXGroup;
			children = (
				EAEFF4991FA5903500AF4078 /* BaseViewController.swift */,
			);
			path = Base;
			sourceTree = "<group>";
		};
		EAEFF49B1FA591E000AF4078 /* Extentions */ = {
			isa = PBXGroup;
			children = (
				EAEFF49C1FA5920700AF4078 /* Array.swift */,
			);
			path = Extentions;
			sourceTree = "<group>";
		};
		EAEFF49E1FA5978000AF4078 /* Sound */ = {
			isa = PBXGroup;
			children = (
				EABE1E672001D3CD00C23A1B /* Phương tiện */,
				EABE1E662001D3C200C23A1B /* Nhạc cụ */,
				EABE1E5B2001C8E100C23A1B /* Động vật */,
				EAEFF49F1FA5979200AF4078 /* AllFallDown.mp3 */,
				EAEFF4A91FA5B07700AF4078 /* be that gioi.wav */,
				EAEFF4A51FA5ABCE00AF4078 /* dung roi.wav */,
				EAEFF4A71FA5ABDC00AF4078 /* thu cach khac.wav */,
				EA956A572003526A001FB10E /* bong_no.mp3 */,
				EAFBB963200F82CA0092002D /* Correct.mp3 */,
				EAFBB964200F82CA0092002D /* VoTay.mp3 */,
				EAFBB965200F82CA0092002D /* Wrong.mp3 */,
			);
			path = Sound;
			sourceTree = "<group>";
		};
/* End PBXGroup section */

/* Begin PBXNativeTarget section */
		EA7F5CD81FA587DC00A87ACC /* Game4Kids */ = {
			isa = PBXNativeTarget;
			buildConfigurationList = EA7F5CEB1FA587DC00A87ACC /* Build configuration list for PBXNativeTarget "Game4Kids" */;
			buildPhases = (
				EA7F5CD51FA587DC00A87ACC /* Sources */,
				EA7F5CD61FA587DC00A87ACC /* Frameworks */,
				EA7F5CD71FA587DC00A87ACC /* Resources */,
			);
			buildRules = (
			);
			dependencies = (
			);
			name = Game4Kids;
			productName = Game4Kids;
			productReference = EA7F5CD91FA587DC00A87ACC /* Game4Kids.app */;
			productType = "com.apple.product-type.application";
		};
/* End PBXNativeTarget section */

/* Begin PBXProject section */
		EA7F5CD11FA587DC00A87ACC /* Project object */ = {
			isa = PBXProject;
			attributes = {
				LastSwiftUpdateCheck = 0830;
				LastUpgradeCheck = 0920;
				ORGANIZATIONNAME = Kha;
				TargetAttributes = {
					EA7F5CD81FA587DC00A87ACC = {
						CreatedOnToolsVersion = 8.3.3;
						DevelopmentTeam = PD66V8DP68;
						LastSwiftMigration = 0920;
						ProvisioningStyle = Automatic;
					};
				};
			};
			buildConfigurationList = EA7F5CD41FA587DC00A87ACC /* Build configuration list for PBXProject "Game4Kids" */;
			compatibilityVersion = "Xcode 3.2";
			developmentRegion = English;
			hasScannedForEncodings = 0;
			knownRegions = (
				en,
				Base,
			);
			mainGroup = EA7F5CD01FA587DC00A87ACC;
			productRefGroup = EA7F5CDA1FA587DC00A87ACC /* Products */;
			projectDirPath = "";
			projectRoot = "";
			targets = (
				EA7F5CD81FA587DC00A87ACC /* Game4Kids */,
			);
		};
/* End PBXProject section */

/* Begin PBXResourcesBuildPhase section */
		EA7F5CD71FA587DC00A87ACC /* Resources */ = {
			isa = PBXResourcesBuildPhase;
			buildActionMask = 2147483647;
			files = (
				EA24F1261FF1CF8700FE7637 /* BubbleViewController.xib in Resources */,
				EABE1E7A2001D42000C23A1B /* maybay.MOV in Resources */,
				EAB2D7C11FA5F58A001DD97E /* GameViewController.xib in Resources */,
				EAA2FB8220047DB600F925B5 /* ChiaSeDoChoiViewController.xib in Resources */,
				EA3EE574200CA7F900531A1B /* GiupDo.storyboard in Resources */,
				EA600A221FE4F9FB00C2B123 /* HandwashingViewController.xib in Resources */,
				EA3EE56E200CA53200531A1B /* ChiaSe.storyboard in Resources */,
				EA6C655B200E3EB7008919C4 /* MacAo.storyboard in Resources */,
				EA72D87B2004435000A53866 /* MeTangQuaViewController.xib in Resources */,
				EADD1B1D1FE4B1B0003157F9 /* GoWCViewController.xib in Resources */,
				EAEFF4A81FA5ABDC00AF4078 /* thu cach khac.wav in Resources */,
				EA956A582003526A001FB10E /* bong_no.mp3 in Resources */,
				EABE1E792001D42000C23A1B /* xehoi.MOV in Resources */,
				EA6C6563200E402B008919C4 /* MacQuan.storyboard in Resources */,
				EABE1E632001CD7000C23A1B /* meo.MOV in Resources */,
				EABE1E522001B97400C23A1B /* PhuongTienViewController.xib in Resources */,
				EABE1E5D2001C91100C23A1B /* bo.MOV in Resources */,
				EA7F5CE71FA587DC00A87ACC /* LaunchScreen.storyboard in Resources */,
				EA6C655F200E3F81008919C4 /* CoiQuan.storyboard in Resources */,
				EA01CB7D1FEEADB600FCFB49 /* DoanCamXuc22ViewController.xib in Resources */,
				EAFBB967200F82CB0092002D /* VoTay.mp3 in Resources */,
				EAEFF4A01FA5979200AF4078 /* AllFallDown.mp3 in Resources */,
				EABE1E772001D42000C23A1B /* xebus.MOV in Resources */,
				EA0A067D2001182C00C51C18 /* GiupDoViewController.xib in Resources */,
				EA6C6555200E3752008919C4 /* CoiAo.storyboard in Resources */,
				EABE1E642001CD7000C23A1B /* cho.MOV in Resources */,
				EABE1E652001CD7000C23A1B /* ga.MOV in Resources */,
				EA72D876200439AF00A53866 /* XinGiupDoViewController.xib in Resources */,
				EABE1E6D2001D40D00C23A1B /* ken.MOV in Resources */,
				EABE1E6F2001D40D00C23A1B /* dan.MOV in Resources */,
				EAA2FB8D2004902B00F925B5 /* ChaoHoiKXViewController.xib in Resources */,
				EA3ED3491FEF2FC200BE3721 /* DongCam2ViewController.xib in Resources */,
				EAFBB968200F82CB0092002D /* Wrong.mp3 in Resources */,
				EAEFF4A61FA5ABCE00AF4078 /* dung roi.wav in Resources */,
				EA132830200C5A63006118CF /* ChaoHoi.storyboard in Resources */,
				EA25C30220050B1500BF60F6 /* CoGiaoKhenViewController.xib in Resources */,
				EAA2FB912004920600F925B5 /* ChaoHoiKXResultViewController.xib in Resources */,
				EABE1E6E2001D40D00C23A1B /* DanTung.MOV in Resources */,
				EAEFF4AA1FA5B07700AF4078 /* be that gioi.wav in Resources */,
				EABE1E7B2001D42000C23A1B /* taulua.MOV in Resources */,
				EA0C6072200201CF008598BF /* ChamSocViewController.xib in Resources */,
				EA81A2EC1FE5007200206697 /* IntroHandwashingViewController.xib in Resources */,
				EA01CB731FEE9C9300FCFB49 /* DoanCamXuc1ViewController.xib in Resources */,
				EA7F5CE41FA587DC00A87ACC /* Assets.xcassets in Resources */,
				EABE1E782001D42000C23A1B /* thuyen.MOV in Resources */,
				EAFBB966200F82CB0092002D /* Correct.mp3 in Resources */,
				EA0A067020010AAA00C51C18 /* ChaoHoiViewController.xib in Resources */,
				EABE1E712001D40D00C23A1B /* violon.MOV in Resources */,
				EA7F5CE21FA587DC00A87ACC /* Main.storyboard in Resources */,
				EABE1E562001B99800C23A1B /* NhacCuViewController.xib in Resources */,
				EA3730EE1FE5157D00607FB7 /* ChangeClothesViewController.xib in Resources */,
				EA0A0678200113BF00C51C18 /* ChiaSeViewController.xib in Resources */,
				EA01CB811FEEB26A00FCFB49 /* DongCam1ViewController.xib in Resources */,
				EABE1E4E2001B92E00C23A1B /* DongVatViewController.xib in Resources */,
				EA01CB6F1FEE98E900FCFB49 /* CamXuc2ViewController.xib in Resources */,
				EA125C78200CE48E003A4847 /* GameXHViewController.xib in Resources */,
				EABE1E622001CD7000C23A1B /* heo.MOV in Resources */,
				EA01CB791FEEAAA900FCFB49 /* DoanCamXuc21ViewController.xib in Resources */,
				EAE5E7301FEF876900003966 /* CamXuc1ViewController.xib in Resources */,
				EABE1E702001D40D00C23A1B /* trong.MOV in Resources */,
			);
			runOnlyForDeploymentPostprocessing = 0;
		};
/* End PBXResourcesBuildPhase section */

/* Begin PBXSourcesBuildPhase section */
		EA7F5CD51FA587DC00A87ACC /* Sources */ = {
			isa = PBXSourcesBuildPhase;
			buildActionMask = 2147483647;
			files = (
				EA6C6557200E3CF3008919C4 /* CoiAoViewController.swift in Sources */,
				EA3EE570200CA59400531A1B /* ChiaSeDetailViewController.swift in Sources */,
				EA01CB6E1FEE98E900FCFB49 /* CamXuc2ViewController.swift in Sources */,
				EA125C77200CE48E003A4847 /* GameXHViewController.swift in Sources */,
				EA6C6559200E3D61008919C4 /* XHThaoDienViewController.swift in Sources */,
				EA01CB801FEEB26A00FCFB49 /* DongCam1ViewController.swift in Sources */,
				EA81A2EB1FE5007200206697 /* IntroHandwashingViewController.swift in Sources */,
				EA01CB7C1FEEADB600FCFB49 /* DoanCamXuc22ViewController.swift in Sources */,
				EA01CB751FEEA2C800FCFB49 /* MsDungViewController.swift in Sources */,
				EA9DFC8A1FEE4F9C00F33CE7 /* MainViewController.swift in Sources */,
				EAE5E72F1FEF876900003966 /* CamXuc1ViewController.swift in Sources */,
				EABE1E552001B99800C23A1B /* NhacCuViewController.swift in Sources */,
				EA01CB721FEE9C9300FCFB49 /* DoanCamXuc1ViewController.swift in Sources */,
				EA0C6071200201CF008598BF /* ChamSocViewController.swift in Sources */,
				EA3EE576200CA84200531A1B /* GiupDoDetailViewController.swift in Sources */,
				EA6C6561200E3FD7008919C4 /* CoiQuanViewController.swift in Sources */,
				EA24F1251FF1CF8700FE7637 /* BubbleViewController.swift in Sources */,
				EA01CB781FEEAAA900FCFB49 /* DoanCamXuc21ViewController.swift in Sources */,
				EA25C30120050B1500BF60F6 /* CoGiaoKhenViewController.swift in Sources */,
				EA7F5CDF1FA587DC00A87ACC /* ViewController.swift in Sources */,
				EAEFF49D1FA5920700AF4078 /* Array.swift in Sources */,
				EAFFA32E200ECEAC00BDFEEB /* CoiAoFInishViewController.swift in Sources */,
				EAEFF49A1FA5903500AF4078 /* BaseViewController.swift in Sources */,
				EA3EE578200CA85600531A1B /* GiupDoFinishViewController.swift in Sources */,
				EAA2FB8420048E2E00F925B5 /* UocMoViewController.swift in Sources */,
				EA72D875200439AF00A53866 /* XinGiupDoViewController.swift in Sources */,
				EA7F5CDD1FA587DC00A87ACC /* AppDelegate.swift in Sources */,
				EABE1E4D2001B92E00C23A1B /* DongVatViewController.swift in Sources */,
				EA132832200C5B8B006118CF /* ChaoHoiDetailViewController.swift in Sources */,
				EA132834200C5E68006118CF /* ChaoHoiFinishViewController.swift in Sources */,
				EA0A067C2001182C00C51C18 /* GiupDoViewController.swift in Sources */,
				EAA2FB902004920600F925B5 /* ChaoHoiKXResultViewController.swift in Sources */,
				EA3730ED1FE5157D00607FB7 /* ChangeClothesViewController.swift in Sources */,
				EAB2D7C01FA5F58A001DD97E /* GameViewController.swift in Sources */,
				EA6C6565200E416C008919C4 /* MacQuanViewController.swift in Sources */,
				EAFFA334200ED29000BDFEEB /* MacQuanFinishViewController.swift in Sources */,
				EA0A0677200113BF00C51C18 /* ChiaSeViewController.swift in Sources */,
				EA600A211FE4F9FB00C2B123 /* HandwashingViewController.swift in Sources */,
				EA3ED3481FEF2FC200BE3721 /* DongCam2ViewController.swift in Sources */,
				EA6C655D200E3F07008919C4 /* MacAoViewController.swift in Sources */,
				EAA2FB8C2004902B00F925B5 /* ChaoHoiKXViewController.swift in Sources */,
				EAFFA330200ED08D00BDFEEB /* MacAoFinishViewController.swift in Sources */,
				EA24F1281FF1D0EB00FE7637 /* KhaiTriViewController.swift in Sources */,
				EABE1E4A2001B80300C23A1B /* KhoiXuongViewController.swift in Sources */,
				EA72D87A2004435000A53866 /* MeTangQuaViewController.swift in Sources */,
				EA3EE572200CA5BE00531A1B /* ChiaSeFinishViewController.swift in Sources */,
				EAEFF4971FA58D6000AF4078 /* BrushTeethViewController.swift in Sources */,
				EA72D87D2004453300A53866 /* CamOnViewController.swift in Sources */,
				EA0A067F200118F500C51C18 /* SocialStoryViewController.swift in Sources */,
				EAA2FB8120047DB600F925B5 /* ChiaSeDoChoiViewController.swift in Sources */,
				EA125C7A200CE620003A4847 /* ViewType.swift in Sources */,
				EAFFA332200ED1DC00BDFEEB /* CoiQuanFinishViewController.swift in Sources */,
				EABE1E512001B97400C23A1B /* PhuongTienViewController.swift in Sources */,
				EA0A066F20010AAA00C51C18 /* ChaoHoiViewController.swift in Sources */,
				EADD1B1C1FE4B1B0003157F9 /* GoWCViewController.swift in Sources */,
			);
			runOnlyForDeploymentPostprocessing = 0;
		};
/* End PBXSourcesBuildPhase section */

/* Begin PBXVariantGroup section */
		EA7F5CE01FA587DC00A87ACC /* Main.storyboard */ = {
			isa = PBXVariantGroup;
			children = (
				EA7F5CE11FA587DC00A87ACC /* Base */,
			);
			name = Main.storyboard;
			sourceTree = "<group>";
		};
		EA7F5CE51FA587DC00A87ACC /* LaunchScreen.storyboard */ = {
			isa = PBXVariantGroup;
			children = (
				EA7F5CE61FA587DC00A87ACC /* Base */,
			);
			name = LaunchScreen.storyboard;
			sourceTree = "<group>";
		};
/* End PBXVariantGroup section */

/* Begin XCBuildConfiguration section */
		EA7F5CE91FA587DC00A87ACC /* Debug */ = {
			isa = XCBuildConfiguration;
			buildSettings = {
				ALWAYS_SEARCH_USER_PATHS = NO;
				CLANG_ANALYZER_NONNULL = YES;
				CLANG_ANALYZER_NUMBER_OBJECT_CONVERSION = YES_AGGRESSIVE;
				CLANG_CXX_LANGUAGE_STANDARD = "gnu++0x";
				CLANG_CXX_LIBRARY = "libc++";
				CLANG_ENABLE_MODULES = YES;
				CLANG_ENABLE_OBJC_ARC = YES;
				CLANG_WARN_BLOCK_CAPTURE_AUTORELEASING = YES;
				CLANG_WARN_BOOL_CONVERSION = YES;
				CLANG_WARN_COMMA = YES;
				CLANG_WARN_CONSTANT_CONVERSION = YES;
				CLANG_WARN_DIRECT_OBJC_ISA_USAGE = YES_ERROR;
				CLANG_WARN_DOCUMENTATION_COMMENTS = YES;
				CLANG_WARN_EMPTY_BODY = YES;
				CLANG_WARN_ENUM_CONVERSION = YES;
				CLANG_WARN_INFINITE_RECURSION = YES;
				CLANG_WARN_INT_CONVERSION = YES;
				CLANG_WARN_NON_LITERAL_NULL_CONVERSION = YES;
				CLANG_WARN_OBJC_LITERAL_CONVERSION = YES;
				CLANG_WARN_OBJC_ROOT_CLASS = YES_ERROR;
				CLANG_WARN_RANGE_LOOP_ANALYSIS = YES;
				CLANG_WARN_STRICT_PROTOTYPES = YES;
				CLANG_WARN_SUSPICIOUS_MOVE = YES;
				CLANG_WARN_UNREACHABLE_CODE = YES;
				CLANG_WARN__DUPLICATE_METHOD_MATCH = YES;
				"CODE_SIGN_IDENTITY[sdk=iphoneos*]" = "iPhone Developer";
				COPY_PHASE_STRIP = NO;
				DEBUG_INFORMATION_FORMAT = dwarf;
				ENABLE_STRICT_OBJC_MSGSEND = YES;
				ENABLE_TESTABILITY = YES;
				GCC_C_LANGUAGE_STANDARD = gnu99;
				GCC_DYNAMIC_NO_PIC = NO;
				GCC_NO_COMMON_BLOCKS = YES;
				GCC_OPTIMIZATION_LEVEL = 0;
				GCC_PREPROCESSOR_DEFINITIONS = (
					"DEBUG=1",
					"$(inherited)",
				);
				GCC_WARN_64_TO_32_BIT_CONVERSION = YES;
				GCC_WARN_ABOUT_RETURN_TYPE = YES_ERROR;
				GCC_WARN_UNDECLARED_SELECTOR = YES;
				GCC_WARN_UNINITIALIZED_AUTOS = YES_AGGRESSIVE;
				GCC_WARN_UNUSED_FUNCTION = YES;
				GCC_WARN_UNUSED_VARIABLE = YES;
				IPHONEOS_DEPLOYMENT_TARGET = 10.3;
				MTL_ENABLE_DEBUG_INFO = YES;
				ONLY_ACTIVE_ARCH = YES;
				SDKROOT = iphoneos;
				SWIFT_ACTIVE_COMPILATION_CONDITIONS = DEBUG;
				SWIFT_OPTIMIZATION_LEVEL = "-Onone";
			};
			name = Debug;
		};
		EA7F5CEA1FA587DC00A87ACC /* Release */ = {
			isa = XCBuildConfiguration;
			buildSettings = {
				ALWAYS_SEARCH_USER_PATHS = NO;
				CLANG_ANALYZER_NONNULL = YES;
				CLANG_ANALYZER_NUMBER_OBJECT_CONVERSION = YES_AGGRESSIVE;
				CLANG_CXX_LANGUAGE_STANDARD = "gnu++0x";
				CLANG_CXX_LIBRARY = "libc++";
				CLANG_ENABLE_MODULES = YES;
				CLANG_ENABLE_OBJC_ARC = YES;
				CLANG_WARN_BLOCK_CAPTURE_AUTORELEASING = YES;
				CLANG_WARN_BOOL_CONVERSION = YES;
				CLANG_WARN_COMMA = YES;
				CLANG_WARN_CONSTANT_CONVERSION = YES;
				CLANG_WARN_DIRECT_OBJC_ISA_USAGE = YES_ERROR;
				CLANG_WARN_DOCUMENTATION_COMMENTS = YES;
				CLANG_WARN_EMPTY_BODY = YES;
				CLANG_WARN_ENUM_CONVERSION = YES;
				CLANG_WARN_INFINITE_RECURSION = YES;
				CLANG_WARN_INT_CONVERSION = YES;
				CLANG_WARN_NON_LITERAL_NULL_CONVERSION = YES;
				CLANG_WARN_OBJC_LITERAL_CONVERSION = YES;
				CLANG_WARN_OBJC_ROOT_CLASS = YES_ERROR;
				CLANG_WARN_RANGE_LOOP_ANALYSIS = YES;
				CLANG_WARN_STRICT_PROTOTYPES = YES;
				CLANG_WARN_SUSPICIOUS_MOVE = YES;
				CLANG_WARN_UNREACHABLE_CODE = YES;
				CLANG_WARN__DUPLICATE_METHOD_MATCH = YES;
				"CODE_SIGN_IDENTITY[sdk=iphoneos*]" = "iPhone Developer";
				COPY_PHASE_STRIP = NO;
				DEBUG_INFORMATION_FORMAT = "dwarf-with-dsym";
				ENABLE_NS_ASSERTIONS = NO;
				ENABLE_STRICT_OBJC_MSGSEND = YES;
				GCC_C_LANGUAGE_STANDARD = gnu99;
				GCC_NO_COMMON_BLOCKS = YES;
				GCC_WARN_64_TO_32_BIT_CONVERSION = YES;
				GCC_WARN_ABOUT_RETURN_TYPE = YES_ERROR;
				GCC_WARN_UNDECLARED_SELECTOR = YES;
				GCC_WARN_UNINITIALIZED_AUTOS = YES_AGGRESSIVE;
				GCC_WARN_UNUSED_FUNCTION = YES;
				GCC_WARN_UNUSED_VARIABLE = YES;
				IPHONEOS_DEPLOYMENT_TARGET = 10.3;
				MTL_ENABLE_DEBUG_INFO = NO;
				SDKROOT = iphoneos;
				SWIFT_OPTIMIZATION_LEVEL = "-Owholemodule";
				VALIDATE_PRODUCT = YES;
			};
			name = Release;
		};
		EA7F5CEC1FA587DC00A87ACC /* Debug */ = {
			isa = XCBuildConfiguration;
			buildSettings = {
				ASSETCATALOG_COMPILER_APPICON_NAME = AppIcon;
				DEVELOPMENT_TEAM = PD66V8DP68;
				INFOPLIST_FILE = Game4Kids/Info.plist;
				IPHONEOS_DEPLOYMENT_TARGET = 9.0;
				LD_RUNPATH_SEARCH_PATHS = "$(inherited) @executable_path/Frameworks";
				PRODUCT_BUNDLE_IDENTIFIER = com.MyVo.Game4Kids;
				PRODUCT_NAME = "$(TARGET_NAME)";
				SWIFT_SWIFT3_OBJC_INFERENCE = On;
				SWIFT_VERSION = 4.0;
				TARGETED_DEVICE_FAMILY = "1,2";
			};
			name = Debug;
		};
		EA7F5CED1FA587DC00A87ACC /* Release */ = {
			isa = XCBuildConfiguration;
			buildSettings = {
				ASSETCATALOG_COMPILER_APPICON_NAME = AppIcon;
				DEVELOPMENT_TEAM = PD66V8DP68;
				INFOPLIST_FILE = Game4Kids/Info.plist;
				IPHONEOS_DEPLOYMENT_TARGET = 9.0;
				LD_RUNPATH_SEARCH_PATHS = "$(inherited) @executable_path/Frameworks";
				PRODUCT_BUNDLE_IDENTIFIER = com.MyVo.Game4Kids;
				PRODUCT_NAME = "$(TARGET_NAME)";
				SWIFT_SWIFT3_OBJC_INFERENCE = On;
				SWIFT_VERSION = 4.0;
				TARGETED_DEVICE_FAMILY = "1,2";
			};
			name = Release;
		};
/* End XCBuildConfiguration section */

/* Begin XCConfigurationList section */
		EA7F5CD41FA587DC00A87ACC /* Build configuration list for PBXProject "Game4Kids" */ = {
			isa = XCConfigurationList;
			buildConfigurations = (
				EA7F5CE91FA587DC00A87ACC /* Debug */,
				EA7F5CEA1FA587DC00A87ACC /* Release */,
			);
			defaultConfigurationIsVisible = 0;
			defaultConfigurationName = Release;
		};
		EA7F5CEB1FA587DC00A87ACC /* Build configuration list for PBXNativeTarget "Game4Kids" */ = {
			isa = XCConfigurationList;
			buildConfigurations = (
				EA7F5CEC1FA587DC00A87ACC /* Debug */,
				EA7F5CED1FA587DC00A87ACC /* Release */,
			);
			defaultConfigurationIsVisible = 0;
			defaultConfigurationName = Release;
		};
/* End XCConfigurationList section */
	};
	rootObject = EA7F5CD11FA587DC00A87ACC /* Project object */;
}
