// !$*UTF8*$!
{
	archiveVersion = 1;
	classes = {
	};
	objectVersion = 46;
	objects = {

/* Begin PBXBuildFile section */
		EA01CB6E1FEE98E900FCFB49 /* CamXuc2ViewController.swift in Sources */ = {isa = PBXBuildFile; fileRef = EA01CB6C1FEE98E900FCFB49 /* CamXuc2ViewController.swift */; };
		EA01CB6F1FEE98E900FCFB49 /* CamXuc2ViewController.xib in Resources */ = {isa = PBXBuildFile; fileRef = EA01CB6D1FEE98E900FCFB49 /* CamXuc2ViewController.xib */; };
		EA01CB721FEE9C9300FCFB49 /* DoanCamXuc1ViewController.swift in Sources */ = {isa = PBXBuildFile; fileRef = EA01CB701FEE9C9300FCFB49 /* DoanCamXuc1ViewController.swift */; };
		EA01CB731FEE9C9300FCFB49 /* DoanCamXuc1ViewController.xib in Resources */ = {isa = PBXBuildFile; fileRef = EA01CB711FEE9C9300FCFB49 /* DoanCamXuc1ViewController.xib */; };
		EA01CB751FEEA2C800FCFB49 /* MsDungViewController.swift in Sources */ = {isa = PBXBuildFile; fileRef = EA01CB741FEEA2C800FCFB49 /* MsDungViewController.swift */; };
		EA01CB781FEEAAA900FCFB49 /* DoanCamXuc21ViewController.swift in Sources */ = {isa = PBXBuildFile; fileRef = EA01CB761FEEAAA900FCFB49 /* DoanCamXuc21ViewController.swift */; };
		EA01CB791FEEAAA900FCFB49 /* DoanCamXuc21ViewController.xib in Resources */ = {isa = PBXBuildFile; fileRef = EA01CB771FEEAAA900FCFB49 /* DoanCamXuc21ViewController.xib */; };
		EA01CB7C1FEEADB600FCFB49 /* DoanCamXuc22ViewController.swift in Sources */ = {isa = PBXBuildFile; fileRef = EA01CB7A1FEEADB600FCFB49 /* DoanCamXuc22ViewController.swift */; };
		EA01CB7D1FEEADB600FCFB49 /* DoanCamXuc22ViewController.xib in Resources */ = {isa = PBXBuildFile; fileRef = EA01CB7B1FEEADB600FCFB49 /* DoanCamXuc22ViewController.xib */; };
		EA01CB801FEEB26A00FCFB49 /* DongCam1ViewController.swift in Sources */ = {isa = PBXBuildFile; fileRef = EA01CB7E1FEEB26A00FCFB49 /* DongCam1ViewController.swift */; };
		EA01CB811FEEB26A00FCFB49 /* DongCam1ViewController.xib in Resources */ = {isa = PBXBuildFile; fileRef = EA01CB7F1FEEB26A00FCFB49 /* DongCam1ViewController.xib */; };
		EA3730ED1FE5157D00607FB7 /* ChangeClothesViewController.swift in Sources */ = {isa = PBXBuildFile; fileRef = EA3730EB1FE5157D00607FB7 /* ChangeClothesViewController.swift */; };
		EA3730EE1FE5157D00607FB7 /* ChangeClothesViewController.xib in Resources */ = {isa = PBXBuildFile; fileRef = EA3730EC1FE5157D00607FB7 /* ChangeClothesViewController.xib */; };
		EA600A211FE4F9FB00C2B123 /* HandwashingViewController.swift in Sources */ = {isa = PBXBuildFile; fileRef = EA600A1F1FE4F9FB00C2B123 /* HandwashingViewController.swift */; };
		EA600A221FE4F9FB00C2B123 /* HandwashingViewController.xib in Resources */ = {isa = PBXBuildFile; fileRef = EA600A201FE4F9FB00C2B123 /* HandwashingViewController.xib */; };
		EA7F5CDD1FA587DC00A87ACC /* AppDelegate.swift in Sources */ = {isa = PBXBuildFile; fileRef = EA7F5CDC1FA587DC00A87ACC /* AppDelegate.swift */; };
		EA7F5CDF1FA587DC00A87ACC /* ViewController.swift in Sources */ = {isa = PBXBuildFile; fileRef = EA7F5CDE1FA587DC00A87ACC /* ViewController.swift */; };
		EA7F5CE21FA587DC00A87ACC /* Main.storyboard in Resources */ = {isa = PBXBuildFile; fileRef = EA7F5CE01FA587DC00A87ACC /* Main.storyboard */; };
		EA7F5CE41FA587DC00A87ACC /* Assets.xcassets in Resources */ = {isa = PBXBuildFile; fileRef = EA7F5CE31FA587DC00A87ACC /* Assets.xcassets */; };
		EA7F5CE71FA587DC00A87ACC /* LaunchScreen.storyboard in Resources */ = {isa = PBXBuildFile; fileRef = EA7F5CE51FA587DC00A87ACC /* LaunchScreen.storyboard */; };
		EA81A2EB1FE5007200206697 /* IntroHandwashingViewController.swift in Sources */ = {isa = PBXBuildFile; fileRef = EA81A2E91FE5007200206697 /* IntroHandwashingViewController.swift */; };
		EA81A2EC1FE5007200206697 /* IntroHandwashingViewController.xib in Resources */ = {isa = PBXBuildFile; fileRef = EA81A2EA1FE5007200206697 /* IntroHandwashingViewController.xib */; };
		EA9DFC8A1FEE4F9C00F33CE7 /* MainViewController.swift in Sources */ = {isa = PBXBuildFile; fileRef = EA9DFC891FEE4F9C00F33CE7 /* MainViewController.swift */; };
		EAB2D7C01FA5F58A001DD97E /* GameViewController.swift in Sources */ = {isa = PBXBuildFile; fileRef = EAB2D7BE1FA5F58A001DD97E /* GameViewController.swift */; };
		EAB2D7C11FA5F58A001DD97E /* GameViewController.xib in Resources */ = {isa = PBXBuildFile; fileRef = EAB2D7BF1FA5F58A001DD97E /* GameViewController.xib */; };
		EADD1B1C1FE4B1B0003157F9 /* GoWCViewController.swift in Sources */ = {isa = PBXBuildFile; fileRef = EADD1B1A1FE4B1B0003157F9 /* GoWCViewController.swift */; };
		EADD1B1D1FE4B1B0003157F9 /* GoWCViewController.xib in Resources */ = {isa = PBXBuildFile; fileRef = EADD1B1B1FE4B1B0003157F9 /* GoWCViewController.xib */; };
		EAEFF4971FA58D6000AF4078 /* BrushTeethViewController.swift in Sources */ = {isa = PBXBuildFile; fileRef = EAEFF4961FA58D6000AF4078 /* BrushTeethViewController.swift */; };
		EAEFF49A1FA5903500AF4078 /* BaseViewController.swift in Sources */ = {isa = PBXBuildFile; fileRef = EAEFF4991FA5903500AF4078 /* BaseViewController.swift */; };
		EAEFF49D1FA5920700AF4078 /* Array.swift in Sources */ = {isa = PBXBuildFile; fileRef = EAEFF49C1FA5920700AF4078 /* Array.swift */; };
		EAEFF4A01FA5979200AF4078 /* AllFallDown.mp3 in Resources */ = {isa = PBXBuildFile; fileRef = EAEFF49F1FA5979200AF4078 /* AllFallDown.mp3 */; };
		EAEFF4A61FA5ABCE00AF4078 /* dung roi.wav in Resources */ = {isa = PBXBuildFile; fileRef = EAEFF4A51FA5ABCE00AF4078 /* dung roi.wav */; };
		EAEFF4A81FA5ABDC00AF4078 /* thu cach khac.wav in Resources */ = {isa = PBXBuildFile; fileRef = EAEFF4A71FA5ABDC00AF4078 /* thu cach khac.wav */; };
		EAEFF4AA1FA5B07700AF4078 /* be that gioi.wav in Resources */ = {isa = PBXBuildFile; fileRef = EAEFF4A91FA5B07700AF4078 /* be that gioi.wav */; };
/* End PBXBuildFile section */

/* Begin PBXFileReference section */
		EA01CB6C1FEE98E900FCFB49 /* CamXuc2ViewController.swift */ = {isa = PBXFileReference; lastKnownFileType = sourcecode.swift; path = CamXuc2ViewController.swift; sourceTree = "<group>"; };
		EA01CB6D1FEE98E900FCFB49 /* CamXuc2ViewController.xib */ = {isa = PBXFileReference; lastKnownFileType = file.xib; path = CamXuc2ViewController.xib; sourceTree = "<group>"; };
		EA01CB701FEE9C9300FCFB49 /* DoanCamXuc1ViewController.swift */ = {isa = PBXFileReference; lastKnownFileType = sourcecode.swift; path = DoanCamXuc1ViewController.swift; sourceTree = "<group>"; };
		EA01CB711FEE9C9300FCFB49 /* DoanCamXuc1ViewController.xib */ = {isa = PBXFileReference; lastKnownFileType = file.xib; path = DoanCamXuc1ViewController.xib; sourceTree = "<group>"; };
		EA01CB741FEEA2C800FCFB49 /* MsDungViewController.swift */ = {isa = PBXFileReference; lastKnownFileType = sourcecode.swift; path = MsDungViewController.swift; sourceTree = "<group>"; };
		EA01CB761FEEAAA900FCFB49 /* DoanCamXuc21ViewController.swift */ = {isa = PBXFileReference; lastKnownFileType = sourcecode.swift; path = DoanCamXuc21ViewController.swift; sourceTree = "<group>"; };
		EA01CB771FEEAAA900FCFB49 /* DoanCamXuc21ViewController.xib */ = {isa = PBXFileReference; lastKnownFileType = file.xib; path = DoanCamXuc21ViewController.xib; sourceTree = "<group>"; };
		EA01CB7A1FEEADB600FCFB49 /* DoanCamXuc22ViewController.swift */ = {isa = PBXFileReference; lastKnownFileType = sourcecode.swift; path = DoanCamXuc22ViewController.swift; sourceTree = "<group>"; };
		EA01CB7B1FEEADB600FCFB49 /* DoanCamXuc22ViewController.xib */ = {isa = PBXFileReference; lastKnownFileType = file.xib; path = DoanCamXuc22ViewController.xib; sourceTree = "<group>"; };
		EA01CB7E1FEEB26A00FCFB49 /* DongCam1ViewController.swift */ = {isa = PBXFileReference; lastKnownFileType = sourcecode.swift; path = DongCam1ViewController.swift; sourceTree = "<group>"; };
		EA01CB7F1FEEB26A00FCFB49 /* DongCam1ViewController.xib */ = {isa = PBXFileReference; lastKnownFileType = file.xib; path = DongCam1ViewController.xib; sourceTree = "<group>"; };
		EA3730EB1FE5157D00607FB7 /* ChangeClothesViewController.swift */ = {isa = PBXFileReference; lastKnownFileType = sourcecode.swift; path = ChangeClothesViewController.swift; sourceTree = "<group>"; };
		EA3730EC1FE5157D00607FB7 /* ChangeClothesViewController.xib */ = {isa = PBXFileReference; lastKnownFileType = file.xib; path = ChangeClothesViewController.xib; sourceTree = "<group>"; };
		EA600A1F1FE4F9FB00C2B123 /* HandwashingViewController.swift */ = {isa = PBXFileReference; lastKnownFileType = sourcecode.swift; path = HandwashingViewController.swift; sourceTree = "<group>"; };
		EA600A201FE4F9FB00C2B123 /* HandwashingViewController.xib */ = {isa = PBXFileReference; lastKnownFileType = file.xib; path = HandwashingViewController.xib; sourceTree = "<group>"; };
		EA7F5CD91FA587DC00A87ACC /* Game4Kids.app */ = {isa = PBXFileReference; explicitFileType = wrapper.application; includeInIndex = 0; path = Game4Kids.app; sourceTree = BUILT_PRODUCTS_DIR; };
		EA7F5CDC1FA587DC00A87ACC /* AppDelegate.swift */ = {isa = PBXFileReference; lastKnownFileType = sourcecode.swift; path = AppDelegate.swift; sourceTree = "<group>"; };
		EA7F5CDE1FA587DC00A87ACC /* ViewController.swift */ = {isa = PBXFileReference; lastKnownFileType = sourcecode.swift; path = ViewController.swift; sourceTree = "<group>"; };
		EA7F5CE11FA587DC00A87ACC /* Base */ = {isa = PBXFileReference; lastKnownFileType = file.storyboard; name = Base; path = Base.lproj/Main.storyboard; sourceTree = "<group>"; };
		EA7F5CE31FA587DC00A87ACC /* Assets.xcassets */ = {isa = PBXFileReference; lastKnownFileType = folder.assetcatalog; path = Assets.xcassets; sourceTree = "<group>"; };
		EA7F5CE61FA587DC00A87ACC /* Base */ = {isa = PBXFileReference; lastKnownFileType = file.storyboard; name = Base; path = Base.lproj/LaunchScreen.storyboard; sourceTree = "<group>"; };
		EA7F5CE81FA587DC00A87ACC /* Info.plist */ = {isa = PBXFileReference; lastKnownFileType = text.plist.xml; path = Info.plist; sourceTree = "<group>"; };
		EA81A2E91FE5007200206697 /* IntroHandwashingViewController.swift */ = {isa = PBXFileReference; lastKnownFileType = sourcecode.swift; path = IntroHandwashingViewController.swift; sourceTree = "<group>"; };
		EA81A2EA1FE5007200206697 /* IntroHandwashingViewController.xib */ = {isa = PBXFileReference; lastKnownFileType = file.xib; path = IntroHandwashingViewController.xib; sourceTree = "<group>"; };
		EA9DFC891FEE4F9C00F33CE7 /* MainViewController.swift */ = {isa = PBXFileReference; lastKnownFileType = sourcecode.swift; path = MainViewController.swift; sourceTree = "<group>"; };
		EAB2D7BE1FA5F58A001DD97E /* GameViewController.swift */ = {isa = PBXFileReference; fileEncoding = 4; lastKnownFileType = sourcecode.swift; path = GameViewController.swift; sourceTree = "<group>"; };
		EAB2D7BF1FA5F58A001DD97E /* GameViewController.xib */ = {isa = PBXFileReference; fileEncoding = 4; lastKnownFileType = file.xib; path = GameViewController.xib; sourceTree = "<group>"; };
		EADD1B1A1FE4B1B0003157F9 /* GoWCViewController.swift */ = {isa = PBXFileReference; lastKnownFileType = sourcecode.swift; path = GoWCViewController.swift; sourceTree = "<group>"; };
		EADD1B1B1FE4B1B0003157F9 /* GoWCViewController.xib */ = {isa = PBXFileReference; lastKnownFileType = file.xib; path = GoWCViewController.xib; sourceTree = "<group>"; };
		EAEFF4961FA58D6000AF4078 /* BrushTeethViewController.swift */ = {isa = PBXFileReference; fileEncoding = 4; lastKnownFileType = sourcecode.swift; path = BrushTeethViewController.swift; sourceTree = "<group>"; };
		EAEFF4991FA5903500AF4078 /* BaseViewController.swift */ = {isa = PBXFileReference; fileEncoding = 4; lastKnownFileType = sourcecode.swift; path = BaseViewController.swift; sourceTree = "<group>"; };
		EAEFF49C1FA5920700AF4078 /* Array.swift */ = {isa = PBXFileReference; fileEncoding = 4; lastKnownFileType = sourcecode.swift; path = Array.swift; sourceTree = "<group>"; };
		EAEFF49F1FA5979200AF4078 /* AllFallDown.mp3 */ = {isa = PBXFileReference; lastKnownFileType = audio.mp3; path = AllFallDown.mp3; sourceTree = "<group>"; };
		EAEFF4A51FA5ABCE00AF4078 /* dung roi.wav */ = {isa = PBXFileReference; lastKnownFileType = audio.wav; path = "dung roi.wav"; sourceTree = "<group>"; };
		EAEFF4A71FA5ABDC00AF4078 /* thu cach khac.wav */ = {isa = PBXFileReference; lastKnownFileType = audio.wav; path = "thu cach khac.wav"; sourceTree = "<group>"; };
		EAEFF4A91FA5B07700AF4078 /* be that gioi.wav */ = {isa = PBXFileReference; lastKnownFileType = audio.wav; path = "be that gioi.wav"; sourceTree = "<group>"; };
/* End PBXFileReference section */

/* Begin PBXFrameworksBuildPhase section */
		EA7F5CD61FA587DC00A87ACC /* Frameworks */ = {
			isa = PBXFrameworksBuildPhase;
			buildActionMask = 2147483647;
			files = (
			);
			runOnlyForDeploymentPostprocessing = 0;
		};
/* End PBXFrameworksBuildPhase section */

/* Begin PBXGroup section */
		EA01CB6A1FEE987A00FCFB49 /* Utils */ = {
			isa = PBXGroup;
			children = (
				EA7F5CE31FA587DC00A87ACC /* Assets.xcassets */,
				EAEFF49E1FA5978000AF4078 /* Sound */,
				EAEFF49B1FA591E000AF4078 /* Extentions */,
			);
			path = Utils;
			sourceTree = "<group>";
		};
		EA01CB6B1FEE98A300FCFB49 /* Cô Dung */ = {
			isa = PBXGroup;
			children = (
				EA01CB6C1FEE98E900FCFB49 /* CamXuc2ViewController.swift */,
				EA01CB6D1FEE98E900FCFB49 /* CamXuc2ViewController.xib */,
				EA01CB701FEE9C9300FCFB49 /* DoanCamXuc1ViewController.swift */,
				EA01CB711FEE9C9300FCFB49 /* DoanCamXuc1ViewController.xib */,
				EA01CB761FEEAAA900FCFB49 /* DoanCamXuc21ViewController.swift */,
				EA01CB771FEEAAA900FCFB49 /* DoanCamXuc21ViewController.xib */,
				EA01CB7A1FEEADB600FCFB49 /* DoanCamXuc22ViewController.swift */,
				EA01CB7B1FEEADB600FCFB49 /* DoanCamXuc22ViewController.xib */,
				EA01CB7E1FEEB26A00FCFB49 /* DongCam1ViewController.swift */,
				EA01CB7F1FEEB26A00FCFB49 /* DongCam1ViewController.xib */,
			);
			name = "Cô Dung";
			path = "Cô Dung";
			sourceTree = "<group>";
		};
		EA7F5CD01FA587DC00A87ACC = {
			isa = PBXGroup;
			children = (
				EA7F5CDB1FA587DC00A87ACC /* Game4Kids */,
				EA7F5CDA1FA587DC00A87ACC /* Products */,
			);
			sourceTree = "<group>";
		};
		EA7F5CDA1FA587DC00A87ACC /* Products */ = {
			isa = PBXGroup;
			children = (
				EA7F5CD91FA587DC00A87ACC /* Game4Kids.app */,
			);
			name = Products;
			sourceTree = "<group>";
		};
		EA7F5CDB1FA587DC00A87ACC /* Game4Kids */ = {
			isa = PBXGroup;
			children = (
				EA01CB6A1FEE987A00FCFB49 /* Utils */,
				EA9DFC881FEE4F7800F33CE7 /* Main */,
				EA01CB6B1FEE98A300FCFB49 /* Cô Dung */,
				EADD1B191FE4B179003157F9 /* ThaoDien */,
				EAEFF4981FA5902800AF4078 /* Base */,
				EAEFF4931FA58CFF00AF4078 /* View */,
				EA7F5CE51FA587DC00A87ACC /* LaunchScreen.storyboard */,
				EA7F5CE81FA587DC00A87ACC /* Info.plist */,
				EA7F5CDC1FA587DC00A87ACC /* AppDelegate.swift */,
			);
			path = Game4Kids;
			sourceTree = "<group>";
		};
		EA9DFC881FEE4F7800F33CE7 /* Main */ = {
			isa = PBXGroup;
			children = (
				EA9DFC891FEE4F9C00F33CE7 /* MainViewController.swift */,
				EA7F5CDE1FA587DC00A87ACC /* ViewController.swift */,
				EA7F5CE01FA587DC00A87ACC /* Main.storyboard */,
				EA01CB741FEEA2C800FCFB49 /* MsDungViewController.swift */,
			);
			path = Main;
			sourceTree = "<group>";
		};
		EADD1B191FE4B179003157F9 /* ThaoDien */ = {
			isa = PBXGroup;
			children = (
				EADD1B1A1FE4B1B0003157F9 /* GoWCViewController.swift */,
				EADD1B1B1FE4B1B0003157F9 /* GoWCViewController.xib */,
				EA81A2E91FE5007200206697 /* IntroHandwashingViewController.swift */,
				EA81A2EA1FE5007200206697 /* IntroHandwashingViewController.xib */,
				EA600A1F1FE4F9FB00C2B123 /* HandwashingViewController.swift */,
				EA600A201FE4F9FB00C2B123 /* HandwashingViewController.xib */,
				EA3730EB1FE5157D00607FB7 /* ChangeClothesViewController.swift */,
				EA3730EC1FE5157D00607FB7 /* ChangeClothesViewController.xib */,
			);
			path = ThaoDien;
			sourceTree = "<group>";
		};
		EAEFF4931FA58CFF00AF4078 /* View */ = {
			isa = PBXGroup;
			children = (
				EAEFF4961FA58D6000AF4078 /* BrushTeethViewController.swift */,
				EAB2D7BE1FA5F58A001DD97E /* GameViewController.swift */,
				EAB2D7BF1FA5F58A001DD97E /* GameViewController.xib */,
			);
			path = View;
			sourceTree = "<group>";
		};
		EAEFF4981FA5902800AF4078 /* Base */ = {
			isa = PBXGroup;
			children = (
				EAEFF4991FA5903500AF4078 /* BaseViewController.swift */,
			);
			path = Base;
			sourceTree = "<group>";
		};
		EAEFF49B1FA591E000AF4078 /* Extentions */ = {
			isa = PBXGroup;
			children = (
				EAEFF49C1FA5920700AF4078 /* Array.swift */,
			);
			path = Extentions;
			sourceTree = "<group>";
		};
		EAEFF49E1FA5978000AF4078 /* Sound */ = {
			isa = PBXGroup;
			children = (
				EAEFF49F1FA5979200AF4078 /* AllFallDown.mp3 */,
				EAEFF4A91FA5B07700AF4078 /* be that gioi.wav */,
				EAEFF4A51FA5ABCE00AF4078 /* dung roi.wav */,
				EAEFF4A71FA5ABDC00AF4078 /* thu cach khac.wav */,
			);
			path = Sound;
			sourceTree = "<group>";
		};
/* End PBXGroup section */

/* Begin PBXNativeTarget section */
		EA7F5CD81FA587DC00A87ACC /* Game4Kids */ = {
			isa = PBXNativeTarget;
			buildConfigurationList = EA7F5CEB1FA587DC00A87ACC /* Build configuration list for PBXNativeTarget "Game4Kids" */;
			buildPhases = (
				EA7F5CD51FA587DC00A87ACC /* Sources */,
				EA7F5CD61FA587DC00A87ACC /* Frameworks */,
				EA7F5CD71FA587DC00A87ACC /* Resources */,
			);
			buildRules = (
			);
			dependencies = (
			);
			name = Game4Kids;
			productName = Game4Kids;
			productReference = EA7F5CD91FA587DC00A87ACC /* Game4Kids.app */;
			productType = "com.apple.product-type.application";
		};
/* End PBXNativeTarget section */

/* Begin PBXProject section */
		EA7F5CD11FA587DC00A87ACC /* Project object */ = {
			isa = PBXProject;
			attributes = {
				LastSwiftUpdateCheck = 0830;
				LastUpgradeCheck = 0830;
				ORGANIZATIONNAME = Kha;
				TargetAttributes = {
					EA7F5CD81FA587DC00A87ACC = {
						CreatedOnToolsVersion = 8.3.3;
						DevelopmentTeam = PD66V8DP68;
						ProvisioningStyle = Automatic;
					};
				};
			};
			buildConfigurationList = EA7F5CD41FA587DC00A87ACC /* Build configuration list for PBXProject "Game4Kids" */;
			compatibilityVersion = "Xcode 3.2";
			developmentRegion = English;
			hasScannedForEncodings = 0;
			knownRegions = (
				en,
				Base,
			);
			mainGroup = EA7F5CD01FA587DC00A87ACC;
			productRefGroup = EA7F5CDA1FA587DC00A87ACC /* Products */;
			projectDirPath = "";
			projectRoot = "";
			targets = (
				EA7F5CD81FA587DC00A87ACC /* Game4Kids */,
			);
		};
/* End PBXProject section */

/* Begin PBXResourcesBuildPhase section */
		EA7F5CD71FA587DC00A87ACC /* Resources */ = {
			isa = PBXResourcesBuildPhase;
			buildActionMask = 2147483647;
			files = (
				EAB2D7C11FA5F58A001DD97E /* GameViewController.xib in Resources */,
				EA600A221FE4F9FB00C2B123 /* HandwashingViewController.xib in Resources */,
				EADD1B1D1FE4B1B0003157F9 /* GoWCViewController.xib in Resources */,
				EAEFF4A81FA5ABDC00AF4078 /* thu cach khac.wav in Resources */,
				EA7F5CE71FA587DC00A87ACC /* LaunchScreen.storyboard in Resources */,
				EA01CB7D1FEEADB600FCFB49 /* DoanCamXuc22ViewController.xib in Resources */,
				EAEFF4A01FA5979200AF4078 /* AllFallDown.mp3 in Resources */,
				EAEFF4A61FA5ABCE00AF4078 /* dung roi.wav in Resources */,
				EAEFF4AA1FA5B07700AF4078 /* be that gioi.wav in Resources */,
				EA81A2EC1FE5007200206697 /* IntroHandwashingViewController.xib in Resources */,
				EA01CB731FEE9C9300FCFB49 /* DoanCamXuc1ViewController.xib in Resources */,
				EA7F5CE41FA587DC00A87ACC /* Assets.xcassets in Resources */,
				EA7F5CE21FA587DC00A87ACC /* Main.storyboard in Resources */,
				EA3730EE1FE5157D00607FB7 /* ChangeClothesViewController.xib in Resources */,
				EA01CB811FEEB26A00FCFB49 /* DongCam1ViewController.xib in Resources */,
				EA01CB6F1FEE98E900FCFB49 /* CamXuc2ViewController.xib in Resources */,
				EA01CB791FEEAAA900FCFB49 /* DoanCamXuc21ViewController.xib in Resources */,
			);
			runOnlyForDeploymentPostprocessing = 0;
		};
/* End PBXResourcesBuildPhase section */

/* Begin PBXSourcesBuildPhase section */
		EA7F5CD51FA587DC00A87ACC /* Sources */ = {
			isa = PBXSourcesBuildPhase;
			buildActionMask = 2147483647;
			files = (
				EA01CB6E1FEE98E900FCFB49 /* CamXuc2ViewController.swift in Sources */,
				EA01CB801FEEB26A00FCFB49 /* DongCam1ViewController.swift in Sources */,
				EA81A2EB1FE5007200206697 /* IntroHandwashingViewController.swift in Sources */,
				EA01CB7C1FEEADB600FCFB49 /* DoanCamXuc22ViewController.swift in Sources */,
				EA01CB751FEEA2C800FCFB49 /* MsDungViewController.swift in Sources */,
				EA9DFC8A1FEE4F9C00F33CE7 /* MainViewController.swift in Sources */,
				EA01CB721FEE9C9300FCFB49 /* DoanCamXuc1ViewController.swift in Sources */,
				EA01CB781FEEAAA900FCFB49 /* DoanCamXuc21ViewController.swift in Sources */,
				EA7F5CDF1FA587DC00A87ACC /* ViewController.swift in Sources */,
				EAEFF49D1FA5920700AF4078 /* Array.swift in Sources */,
				EAEFF49A1FA5903500AF4078 /* BaseViewController.swift in Sources */,
				EA7F5CDD1FA587DC00A87ACC /* AppDelegate.swift in Sources */,
				EA3730ED1FE5157D00607FB7 /* ChangeClothesViewController.swift in Sources */,
				EAB2D7C01FA5F58A001DD97E /* GameViewController.swift in Sources */,
				EA600A211FE4F9FB00C2B123 /* HandwashingViewController.swift in Sources */,
				EAEFF4971FA58D6000AF4078 /* BrushTeethViewController.swift in Sources */,
				EADD1B1C1FE4B1B0003157F9 /* GoWCViewController.swift in Sources */,
			);
			runOnlyForDeploymentPostprocessing = 0;
		};
/* End PBXSourcesBuildPhase section */

/* Begin PBXVariantGroup section */
		EA7F5CE01FA587DC00A87ACC /* Main.storyboard */ = {
			isa = PBXVariantGroup;
			children = (
				EA7F5CE11FA587DC00A87ACC /* Base */,
			);
			name = Main.storyboard;
			sourceTree = "<group>";
		};
		EA7F5CE51FA587DC00A87ACC /* LaunchScreen.storyboard */ = {
			isa = PBXVariantGroup;
			children = (
				EA7F5CE61FA587DC00A87ACC /* Base */,
			);
			name = LaunchScreen.storyboard;
			sourceTree = "<group>";
		};
/* End PBXVariantGroup section */

/* Begin XCBuildConfiguration section */
		EA7F5CE91FA587DC00A87ACC /* Debug */ = {
			isa = XCBuildConfiguration;
			buildSettings = {
				ALWAYS_SEARCH_USER_PATHS = NO;
				CLANG_ANALYZER_NONNULL = YES;
				CLANG_ANALYZER_NUMBER_OBJECT_CONVERSION = YES_AGGRESSIVE;
				CLANG_CXX_LANGUAGE_STANDARD = "gnu++0x";
				CLANG_CXX_LIBRARY = "libc++";
				CLANG_ENABLE_MODULES = YES;
				CLANG_ENABLE_OBJC_ARC = YES;
				CLANG_WARN_BOOL_CONVERSION = YES;
				CLANG_WARN_CONSTANT_CONVERSION = YES;
				CLANG_WARN_DIRECT_OBJC_ISA_USAGE = YES_ERROR;
				CLANG_WARN_DOCUMENTATION_COMMENTS = YES;
				CLANG_WARN_EMPTY_BODY = YES;
				CLANG_WARN_ENUM_CONVERSION = YES;
				CLANG_WARN_INFINITE_RECURSION = YES;
				CLANG_WARN_INT_CONVERSION = YES;
				CLANG_WARN_OBJC_ROOT_CLASS = YES_ERROR;
				CLANG_WARN_SUSPICIOUS_MOVE = YES;
				CLANG_WARN_UNREACHABLE_CODE = YES;
				CLANG_WARN__DUPLICATE_METHOD_MATCH = YES;
				"CODE_SIGN_IDENTITY[sdk=iphoneos*]" = "iPhone Developer";
				COPY_PHASE_STRIP = NO;
				DEBUG_INFORMATION_FORMAT = dwarf;
				ENABLE_STRICT_OBJC_MSGSEND = YES;
				ENABLE_TESTABILITY = YES;
				GCC_C_LANGUAGE_STANDARD = gnu99;
				GCC_DYNAMIC_NO_PIC = NO;
				GCC_NO_COMMON_BLOCKS = YES;
				GCC_OPTIMIZATION_LEVEL = 0;
				GCC_PREPROCESSOR_DEFINITIONS = (
					"DEBUG=1",
					"$(inherited)",
				);
				GCC_WARN_64_TO_32_BIT_CONVERSION = YES;
				GCC_WARN_ABOUT_RETURN_TYPE = YES_ERROR;
				GCC_WARN_UNDECLARED_SELECTOR = YES;
				GCC_WARN_UNINITIALIZED_AUTOS = YES_AGGRESSIVE;
				GCC_WARN_UNUSED_FUNCTION = YES;
				GCC_WARN_UNUSED_VARIABLE = YES;
				IPHONEOS_DEPLOYMENT_TARGET = 10.3;
				MTL_ENABLE_DEBUG_INFO = YES;
				ONLY_ACTIVE_ARCH = YES;
				SDKROOT = iphoneos;
				SWIFT_ACTIVE_COMPILATION_CONDITIONS = DEBUG;
				SWIFT_OPTIMIZATION_LEVEL = "-Onone";
			};
			name = Debug;
		};
		EA7F5CEA1FA587DC00A87ACC /* Release */ = {
			isa = XCBuildConfiguration;
			buildSettings = {
				ALWAYS_SEARCH_USER_PATHS = NO;
				CLANG_ANALYZER_NONNULL = YES;
				CLANG_ANALYZER_NUMBER_OBJECT_CONVERSION = YES_AGGRESSIVE;
				CLANG_CXX_LANGUAGE_STANDARD = "gnu++0x";
				CLANG_CXX_LIBRARY = "libc++";
				CLANG_ENABLE_MODULES = YES;
				CLANG_ENABLE_OBJC_ARC = YES;
				CLANG_WARN_BOOL_CONVERSION = YES;
				CLANG_WARN_CONSTANT_CONVERSION = YES;
				CLANG_WARN_DIRECT_OBJC_ISA_USAGE = YES_ERROR;
				CLANG_WARN_DOCUMENTATION_COMMENTS = YES;
				CLANG_WARN_EMPTY_BODY = YES;
				CLANG_WARN_ENUM_CONVERSION = YES;
				CLANG_WARN_INFINITE_RECURSION = YES;
				CLANG_WARN_INT_CONVERSION = YES;
				CLANG_WARN_OBJC_ROOT_CLASS = YES_ERROR;
				CLANG_WARN_SUSPICIOUS_MOVE = YES;
				CLANG_WARN_UNREACHABLE_CODE = YES;
				CLANG_WARN__DUPLICATE_METHOD_MATCH = YES;
				"CODE_SIGN_IDENTITY[sdk=iphoneos*]" = "iPhone Developer";
				COPY_PHASE_STRIP = NO;
				DEBUG_INFORMATION_FORMAT = "dwarf-with-dsym";
				ENABLE_NS_ASSERTIONS = NO;
				ENABLE_STRICT_OBJC_MSGSEND = YES;
				GCC_C_LANGUAGE_STANDARD = gnu99;
				GCC_NO_COMMON_BLOCKS = YES;
				GCC_WARN_64_TO_32_BIT_CONVERSION = YES;
				GCC_WARN_ABOUT_RETURN_TYPE = YES_ERROR;
				GCC_WARN_UNDECLARED_SELECTOR = YES;
				GCC_WARN_UNINITIALIZED_AUTOS = YES_AGGRESSIVE;
				GCC_WARN_UNUSED_FUNCTION = YES;
				GCC_WARN_UNUSED_VARIABLE = YES;
				IPHONEOS_DEPLOYMENT_TARGET = 10.3;
				MTL_ENABLE_DEBUG_INFO = NO;
				SDKROOT = iphoneos;
				SWIFT_OPTIMIZATION_LEVEL = "-Owholemodule";
				VALIDATE_PRODUCT = YES;
			};
			name = Release;
		};
		EA7F5CEC1FA587DC00A87ACC /* Debug */ = {
			isa = XCBuildConfiguration;
			buildSettings = {
				ASSETCATALOG_COMPILER_APPICON_NAME = AppIcon;
				DEVELOPMENT_TEAM = PD66V8DP68;
				INFOPLIST_FILE = Game4Kids/Info.plist;
				IPHONEOS_DEPLOYMENT_TARGET = 9.0;
				LD_RUNPATH_SEARCH_PATHS = "$(inherited) @executable_path/Frameworks";
				PRODUCT_BUNDLE_IDENTIFIER = com.MyVo.Game4Kids;
				PRODUCT_NAME = "$(TARGET_NAME)";
				SWIFT_VERSION = 3.0;
				TARGETED_DEVICE_FAMILY = "1,2";
			};
			name = Debug;
		};
		EA7F5CED1FA587DC00A87ACC /* Release */ = {
			isa = XCBuildConfiguration;
			buildSettings = {
				ASSETCATALOG_COMPILER_APPICON_NAME = AppIcon;
				DEVELOPMENT_TEAM = PD66V8DP68;
				INFOPLIST_FILE = Game4Kids/Info.plist;
				IPHONEOS_DEPLOYMENT_TARGET = 9.0;
				LD_RUNPATH_SEARCH_PATHS = "$(inherited) @executable_path/Frameworks";
				PRODUCT_BUNDLE_IDENTIFIER = com.MyVo.Game4Kids;
				PRODUCT_NAME = "$(TARGET_NAME)";
				SWIFT_VERSION = 3.0;
				TARGETED_DEVICE_FAMILY = "1,2";
			};
			name = Release;
		};
/* End XCBuildConfiguration section */

/* Begin XCConfigurationList section */
		EA7F5CD41FA587DC00A87ACC /* Build configuration list for PBXProject "Game4Kids" */ = {
			isa = XCConfigurationList;
			buildConfigurations = (
				EA7F5CE91FA587DC00A87ACC /* Debug */,
				EA7F5CEA1FA587DC00A87ACC /* Release */,
			);
			defaultConfigurationIsVisible = 0;
			defaultConfigurationName = Release;
		};
		EA7F5CEB1FA587DC00A87ACC /* Build configuration list for PBXNativeTarget "Game4Kids" */ = {
			isa = XCConfigurationList;
			buildConfigurations = (
				EA7F5CEC1FA587DC00A87ACC /* Debug */,
				EA7F5CED1FA587DC00A87ACC /* Release */,
			);
			defaultConfigurationIsVisible = 0;
			defaultConfigurationName = Release;
		};
/* End XCConfigurationList section */
	};
	rootObject = EA7F5CD11FA587DC00A87ACC /* Project object */;
}
